// !$*UTF8*$!
{
	archiveVersion = 1;
	classes = {
	};
	objectVersion = 45;
	objects = {

/* Begin PBXAggregateTarget section */
		A0F9BDEE0FDB351200C9F2D9 /* Genie Release */ = {
			isa = PBXAggregateTarget;
			buildConfigurationList = A0F9BDF70FDB353800C9F2D9 /* Build configuration list for PBXAggregateTarget "Genie Release" */;
			buildPhases = (
				A0F9BDED0FDB351200C9F2D9 /* ShellScript */,
			);
			dependencies = (
				A0F9BDFC0FDB359800C9F2D9 /* PBXTargetDependency */,
			);
			name = "Genie Release";
			productName = "Genie++.dmg";
		};
/* End PBXAggregateTarget section */

/* Begin PBXBuildFile section */
		1DDD58160DA1D0A300B32029 /* MainMenu.xib in Resources */ = {isa = PBXBuildFile; fileRef = 1DDD58140DA1D0A300B32029 /* MainMenu.xib */; };
		8D11072B0486CEB800E47090 /* InfoPlist.strings in Resources */ = {isa = PBXBuildFile; fileRef = 089C165CFE840E0CC02AAC07 /* InfoPlist.strings */; };
		8D11072D0486CEB800E47090 /* main.m in Sources */ = {isa = PBXBuildFile; fileRef = 29B97316FDCFA39411CA2CEA /* main.m */; settings = {ATTRIBUTES = (); }; };
		8D11072F0486CEB800E47090 /* Cocoa.framework in Frameworks */ = {isa = PBXBuildFile; fileRef = 1058C7A1FEA54F0111CA2CBB /* Cocoa.framework */; };
		A00A57900FF4C07100CAD524 /* GreenDot.png in Resources */ = {isa = PBXBuildFile; fileRef = A00A578D0FF4C07100CAD524 /* GreenDot.png */; };
		A00A57910FF4C07100CAD524 /* RedDot.png in Resources */ = {isa = PBXBuildFile; fileRef = A00A578E0FF4C07100CAD524 /* RedDot.png */; };
		A00A57920FF4C07100CAD524 /* YellowDot.png in Resources */ = {isa = PBXBuildFile; fileRef = A00A578F0FF4C07100CAD524 /* YellowDot.png */; };
		A01521B910645A5B00880857 /* WarcraftData.plist in Resources */ = {isa = PBXBuildFile; fileRef = A01521B810645A5B00880857 /* WarcraftData.plist */; };
		A016ABA80FDBE423008B0151 /* Sparkle.framework in Frameworks */ = {isa = PBXBuildFile; fileRef = A016ABA70FDBE423008B0151 /* Sparkle.framework */; };
		A016ABB90FDBE520008B0151 /* Sparkle.framework in Copy Frameworks */ = {isa = PBXBuildFile; fileRef = A016ABA70FDBE423008B0151 /* Sparkle.framework */; };
		A0183197100A020100348EDC /* GHostSocket.m in Sources */ = {isa = PBXBuildFile; fileRef = A0183196100A020100348EDC /* GHostSocket.m */; };
		A02812140FF6A20500664D23 /* TCMPortMapper.framework in Frameworks */ = {isa = PBXBuildFile; fileRef = A028114E0FF69E0400664D23 /* TCMPortMapper.framework */; };
		A02812380FF6A62F00664D23 /* TCMPortMapper.framework in Copy Frameworks */ = {isa = PBXBuildFile; fileRef = A028114E0FF69E0400664D23 /* TCMPortMapper.framework */; };
		A0293B00102821E400067788 /* PreferencesMessages.xib in Resources */ = {isa = PBXBuildFile; fileRef = A0293AFF102821E400067788 /* PreferencesMessages.xib */; };
		A0293B031028221100067788 /* MessagesController.m in Sources */ = {isa = PBXBuildFile; fileRef = A0293B021028221100067788 /* MessagesController.m */; };
		A02C9BB60FED3AB000F5E8C9 /* Language.strings in Resources */ = {isa = PBXBuildFile; fileRef = A02C9BB50FED3AB000F5E8C9 /* Language.strings */; };
		A031AD6410273D3C00575255 /* UKFileWatcher.m in Sources */ = {isa = PBXBuildFile; fileRef = A031AD5C10273D3C00575255 /* UKFileWatcher.m */; };
		A031AD6510273D3C00575255 /* UKFNSubscribeFileWatcher.m in Sources */ = {isa = PBXBuildFile; fileRef = A031AD5E10273D3C00575255 /* UKFNSubscribeFileWatcher.m */; };
		A031AD6610273D3C00575255 /* UKKQueue Readme.txt in Resources */ = {isa = PBXBuildFile; fileRef = A031AD5F10273D3C00575255 /* UKKQueue Readme.txt */; };
		A031AD6710273D3C00575255 /* UKKQueue.m in Sources */ = {isa = PBXBuildFile; fileRef = A031AD6110273D3C00575255 /* UKKQueue.m */; };
		A031AD6810273D3C00575255 /* UKMainThreadProxy.m in Sources */ = {isa = PBXBuildFile; fileRef = A031AD6310273D3C00575255 /* UKMainThreadProxy.m */; };
		A031AF7110274E0000575255 /* GHostConfigFile.m in Sources */ = {isa = PBXBuildFile; fileRef = A031AF7010274E0000575255 /* GHostConfigFile.m */; };
		A031B012102758C700575255 /* Map128.png in Resources */ = {isa = PBXBuildFile; fileRef = A031B011102758C700575255 /* Map128.png */; };
		A04A0CF9101B7F3800F1D6D9 /* ChatMessage.m in Sources */ = {isa = PBXBuildFile; fileRef = A04A0CF8101B7F3800F1D6D9 /* ChatMessage.m */; };
		A05D495C100E7BE1004C089B /* ChatViewController.m in Sources */ = {isa = PBXBuildFile; fileRef = A05D495B100E7BE1004C089B /* ChatViewController.m */; };
		A064AFF410619F5B001AC4CC /* GHostController.h in Headers */ = {isa = PBXBuildFile; fileRef = A064948110619E16001AC4CC /* GHostController.h */; settings = {ATTRIBUTES = (Public, ); }; };
		A064AFF510619F5B001AC4CC /* GHostController.m in Sources */ = {isa = PBXBuildFile; fileRef = A064948210619E16001AC4CC /* GHostController.m */; };
		A064AFF610619F5B001AC4CC /* TaskWrapper.h in Headers */ = {isa = PBXBuildFile; fileRef = A064948310619E16001AC4CC /* TaskWrapper.h */; settings = {ATTRIBUTES = (Private, ); }; };
		A064AFF710619F5B001AC4CC /* TaskWrapper.m in Sources */ = {isa = PBXBuildFile; fileRef = A064948410619E16001AC4CC /* TaskWrapper.m */; };
		A064B0061061A63A001AC4CC /* ghost4mac.framework in Frameworks */ = {isa = PBXBuildFile; fileRef = A064AFAA10619F43001AC4CC /* ghost4mac.framework */; };
		A064B01E1061ACE4001AC4CC /* ghost++ in Resources */ = {isa = PBXBuildFile; fileRef = A064B01D1061AC14001AC4CC /* ghost++ */; };
		A064B02F1061ADA3001AC4CC /* libbncsutil.dylib in Copy libs */ = {isa = PBXBuildFile; fileRef = A064B0221061AD8D001AC4CC /* libbncsutil.dylib */; };
		A064B0301061ADA3001AC4CC /* libboost_date_time-mt.dylib in Copy libs */ = {isa = PBXBuildFile; fileRef = A064B0231061AD8D001AC4CC /* libboost_date_time-mt.dylib */; };
		A064B0311061ADA3001AC4CC /* libboost_filesystem-mt.dylib in Copy libs */ = {isa = PBXBuildFile; fileRef = A064B0241061AD8D001AC4CC /* libboost_filesystem-mt.dylib */; };
		A064B0321061ADA3001AC4CC /* libboost_regex-mt.dylib in Copy libs */ = {isa = PBXBuildFile; fileRef = A064B0251061AD8D001AC4CC /* libboost_regex-mt.dylib */; };
		A064B0331061ADA3001AC4CC /* libboost_system-mt.dylib in Copy libs */ = {isa = PBXBuildFile; fileRef = A064B0261061AD8D001AC4CC /* libboost_system-mt.dylib */; };
		A064B0341061ADA3001AC4CC /* libboost_thread-mt.dylib in Copy libs */ = {isa = PBXBuildFile; fileRef = A064B0271061AD8D001AC4CC /* libboost_thread-mt.dylib */; };
		A064B0361061ADA3001AC4CC /* libgmp.3.4.4.dylib in Copy libs */ = {isa = PBXBuildFile; fileRef = A064B0291061AD8D001AC4CC /* libgmp.3.4.4.dylib */; };
		A064B03B1061ADA3001AC4CC /* libStorm.dylib in Copy libs */ = {isa = PBXBuildFile; fileRef = A064B02E1061AD8D001AC4CC /* libStorm.dylib */; };
		A079BAD610028982007E18C5 /* ViewConsole.xib in Resources */ = {isa = PBXBuildFile; fileRef = A079BAD510028982007E18C5 /* ViewConsole.xib */; };
		A079BAFA1002B8CE007E18C5 /* LRViewController.m in Sources */ = {isa = PBXBuildFile; fileRef = A079BAF91002B8CE007E18C5 /* LRViewController.m */; };
		A079BB171002BB8B007E18C5 /* ConsoleViewController.m in Sources */ = {isa = PBXBuildFile; fileRef = A079BB161002BB8B007E18C5 /* ConsoleViewController.m */; };
		A079BCB5100342E2007E18C5 /* ViewChat.xib in Resources */ = {isa = PBXBuildFile; fileRef = A079BCB4100342E2007E18C5 /* ViewChat.xib */; };
		A07FB6400FE3F2960019EF5F /* RegexKit.framework in Frameworks */ = {isa = PBXBuildFile; fileRef = A07FB63F0FE3F2960019EF5F /* RegexKit.framework */; };
		A08142960FE9AB75007FF74F /* MBPreferencesController.m in Sources */ = {isa = PBXBuildFile; fileRef = A08142950FE9AB75007FF74F /* MBPreferencesController.m */; };
		A08142990FE9ABF3007FF74F /* MapController.m in Sources */ = {isa = PBXBuildFile; fileRef = A08142980FE9ABF3007FF74F /* MapController.m */; };
		A081429C0FE9AC02007FF74F /* ConfigController.m in Sources */ = {isa = PBXBuildFile; fileRef = A081429B0FE9AC02007FF74F /* ConfigController.m */; };
		A08143400FE9B4D2007FF74F /* PreferencesConfig.xib in Resources */ = {isa = PBXBuildFile; fileRef = A081433F0FE9B4D2007FF74F /* PreferencesConfig.xib */; };
		A09EE6B9106259E200E04EEE /* ghost4mac.framework in Copy Frameworks */ = {isa = PBXBuildFile; fileRef = A064AFAA10619F43001AC4CC /* ghost4mac.framework */; };
		A09EE6C610625AE400E04EEE /* libmysqlclient_r.16.dylib in Copy libs */ = {isa = PBXBuildFile; fileRef = A09EE6911062594000E04EEE /* libmysqlclient_r.16.dylib */; };
		A0BB69A40FDBFE2500B9A3FC /* BadgeView.m in Sources */ = {isa = PBXBuildFile; fileRef = A0BB69A30FDBFE2500B9A3FC /* BadgeView.m */; };
		A0BB69A80FDBFF5F00B9A3FC /* GreenBanner.png in Resources */ = {isa = PBXBuildFile; fileRef = A0BB69A70FDBFF5F00B9A3FC /* GreenBanner.png */; };
		A0C1F02C0FE5B919001CBBC2 /* defaults in Resources */ = {isa = PBXBuildFile; fileRef = A0C1F02B0FE5B919001CBBC2 /* defaults */; };
		A0C1F05E0FE5C454001CBBC2 /* dsa_pub_genie.pem in Resources */ = {isa = PBXBuildFile; fileRef = A0C1F05D0FE5C454001CBBC2 /* dsa_pub_genie.pem */; };
		A0C4F4B80FE72E680065E6AB /* map.png in Resources */ = {isa = PBXBuildFile; fileRef = A0C4F4B70FE72E680065E6AB /* map.png */; };
		A0C4F4BF0FE72F420065E6AB /* replay.png in Resources */ = {isa = PBXBuildFile; fileRef = A0C4F4BE0FE72F420065E6AB /* replay.png */; };
		A0C4F4C10FE7306F0065E6AB /* ghost.png in Resources */ = {isa = PBXBuildFile; fileRef = A0C4F4C00FE7306F0065E6AB /* ghost.png */; };
		A0C4F4C80FE732200065E6AB /* config.png in Resources */ = {isa = PBXBuildFile; fileRef = A0C4F4C70FE732200065E6AB /* config.png */; };
		A0DA50700FEF9084008F9A8F /* AsyncUdpSocket.m in Sources */ = {isa = PBXBuildFile; fileRef = A0DA506F0FEF9084008F9A8F /* AsyncUdpSocket.m */; };
		A0DA50760FEF909A008F9A8F /* Appcast.xml in Resources */ = {isa = PBXBuildFile; fileRef = A0DA50750FEF909A008F9A8F /* Appcast.xml */; };
		A0DCC6C710376D46001B5D39 /* heart32.png in Resources */ = {isa = PBXBuildFile; fileRef = A0DCC6C610376D46001B5D39 /* heart32.png */; };
		A0DDB7130FEBB863003E3B37 /* GeneralController.m in Sources */ = {isa = PBXBuildFile; fileRef = A0DDB7120FEBB863003E3B37 /* GeneralController.m */; };
		A0DDB7150FEBB8A0003E3B37 /* PreferencesGeneral.xib in Resources */ = {isa = PBXBuildFile; fileRef = A0DDB7140FEBB8A0003E3B37 /* PreferencesGeneral.xib */; };
		A0DDB7E90FEBBF70003E3B37 /* PreferencesMaps.xib in Resources */ = {isa = PBXBuildFile; fileRef = A0DDB7E80FEBBF70003E3B37 /* PreferencesMaps.xib */; };
		A0E5D1C20FE6E663002C9A96 /* LogEntry.m in Sources */ = {isa = PBXBuildFile; fileRef = A0E5D1C10FE6E663002C9A96 /* LogEntry.m */; };
		A0F8C4970FE531DE0047352B /* RegexKit.framework in Copy Frameworks */ = {isa = PBXBuildFile; fileRef = A07FB63F0FE3F2960019EF5F /* RegexKit.framework */; };
		A0F9BD640FDB288300C9F2D9 /* UIController.m in Sources */ = {isa = PBXBuildFile; fileRef = A0F9BD620FDB288300C9F2D9 /* UIController.m */; };
		A0F9BDE70FDB334C00C9F2D9 /* pumbaa.icns in Resources */ = {isa = PBXBuildFile; fileRef = A0F9BDE60FDB334C00C9F2D9 /* pumbaa.icns */; };
/* End PBXBuildFile section */

/* Begin PBXContainerItemProxy section */
		A064AFFD1061A00D001AC4CC /* PBXContainerItemProxy */ = {
			isa = PBXContainerItemProxy;
			containerPortal = 29B97313FDCFA39411CA2CEA /* Project object */;
			proxyType = 1;
			remoteGlobalIDString = A064AFF910619FC5001AC4CC;
			remoteInfo = ghost;
		};
		A064AFFF1061A01F001AC4CC /* PBXContainerItemProxy */ = {
			isa = PBXContainerItemProxy;
			containerPortal = 29B97313FDCFA39411CA2CEA /* Project object */;
			proxyType = 1;
			remoteGlobalIDString = A064AFA910619F43001AC4CC;
			remoteInfo = ghost4mac;
		};
		A0F9BDFB0FDB359800C9F2D9 /* PBXContainerItemProxy */ = {
			isa = PBXContainerItemProxy;
			containerPortal = 29B97313FDCFA39411CA2CEA /* Project object */;
			proxyType = 1;
			remoteGlobalIDString = 8D1107260486CEB800E47090;
			remoteInfo = "Genie++";
		};
/* End PBXContainerItemProxy section */

/* Begin PBXCopyFilesBuildPhase section */
		A016ABBC0FDBE523008B0151 /* Copy Frameworks */ = {
			isa = PBXCopyFilesBuildPhase;
			buildActionMask = 2147483647;
			dstPath = "";
			dstSubfolderSpec = 10;
			files = (
				A09EE6B9106259E200E04EEE /* ghost4mac.framework in Copy Frameworks */,
				A02812380FF6A62F00664D23 /* TCMPortMapper.framework in Copy Frameworks */,
				A0F8C4970FE531DE0047352B /* RegexKit.framework in Copy Frameworks */,
				A016ABB90FDBE520008B0151 /* Sparkle.framework in Copy Frameworks */,
			);
			name = "Copy Frameworks";
			runOnlyForDeploymentPostprocessing = 0;
		};
		A064B0211061AD57001AC4CC /* Copy libs */ = {
			isa = PBXCopyFilesBuildPhase;
			buildActionMask = 2147483647;
			dstPath = lib;
			dstSubfolderSpec = 7;
			files = (
				A09EE6C610625AE400E04EEE /* libmysqlclient_r.16.dylib in Copy libs */,
				A064B02F1061ADA3001AC4CC /* libbncsutil.dylib in Copy libs */,
				A064B0301061ADA3001AC4CC /* libboost_date_time-mt.dylib in Copy libs */,
				A064B0311061ADA3001AC4CC /* libboost_filesystem-mt.dylib in Copy libs */,
				A064B0321061ADA3001AC4CC /* libboost_regex-mt.dylib in Copy libs */,
				A064B0331061ADA3001AC4CC /* libboost_system-mt.dylib in Copy libs */,
				A064B0341061ADA3001AC4CC /* libboost_thread-mt.dylib in Copy libs */,
				A064B0361061ADA3001AC4CC /* libgmp.3.4.4.dylib in Copy libs */,
				A064B03B1061ADA3001AC4CC /* libStorm.dylib in Copy libs */,
			);
			name = "Copy libs";
			runOnlyForDeploymentPostprocessing = 0;
		};
/* End PBXCopyFilesBuildPhase section */

/* Begin PBXFileReference section */
		089C165DFE840E0CC02AAC07 /* English */ = {isa = PBXFileReference; fileEncoding = 10; lastKnownFileType = text.plist.strings; name = English; path = English.lproj/InfoPlist.strings; sourceTree = "<group>"; };
		1058C7A1FEA54F0111CA2CBB /* Cocoa.framework */ = {isa = PBXFileReference; lastKnownFileType = wrapper.framework; name = Cocoa.framework; path = /System/Library/Frameworks/Cocoa.framework; sourceTree = "<absolute>"; };
		13E42FB307B3F0F600E4EEF1 /* CoreData.framework */ = {isa = PBXFileReference; lastKnownFileType = wrapper.framework; name = CoreData.framework; path = /System/Library/Frameworks/CoreData.framework; sourceTree = "<absolute>"; };
		1DDD58150DA1D0A300B32029 /* English */ = {isa = PBXFileReference; lastKnownFileType = file.xib; name = English; path = English.lproj/MainMenu.xib; sourceTree = "<group>"; };
		29B97316FDCFA39411CA2CEA /* main.m */ = {isa = PBXFileReference; fileEncoding = 4; lastKnownFileType = sourcecode.c.objc; path = main.m; sourceTree = "<group>"; };
		29B97324FDCFA39411CA2CEA /* AppKit.framework */ = {isa = PBXFileReference; lastKnownFileType = wrapper.framework; name = AppKit.framework; path = /System/Library/Frameworks/AppKit.framework; sourceTree = "<absolute>"; };
		29B97325FDCFA39411CA2CEA /* Foundation.framework */ = {isa = PBXFileReference; lastKnownFileType = wrapper.framework; name = Foundation.framework; path = /System/Library/Frameworks/Foundation.framework; sourceTree = "<absolute>"; };
		32CA4F630368D1EE00C91783 /* Genie_Prefix.pch */ = {isa = PBXFileReference; fileEncoding = 4; lastKnownFileType = sourcecode.c.h; path = Genie_Prefix.pch; sourceTree = "<group>"; };
		8D1107310486CEB800E47090 /* Info.plist */ = {isa = PBXFileReference; fileEncoding = 4; lastKnownFileType = text.plist.xml; path = Info.plist; sourceTree = "<group>"; };
		8D1107320486CEB800E47090 /* Genie.app */ = {isa = PBXFileReference; explicitFileType = wrapper.application; includeInIndex = 0; path = Genie.app; sourceTree = BUILT_PRODUCTS_DIR; };
		A00A578D0FF4C07100CAD524 /* GreenDot.png */ = {isa = PBXFileReference; lastKnownFileType = image.png; name = GreenDot.png; path = ../../GreenDot.png; sourceTree = BUILT_PRODUCTS_DIR; };
		A00A578E0FF4C07100CAD524 /* RedDot.png */ = {isa = PBXFileReference; lastKnownFileType = image.png; name = RedDot.png; path = ../../RedDot.png; sourceTree = BUILT_PRODUCTS_DIR; };
		A00A578F0FF4C07100CAD524 /* YellowDot.png */ = {isa = PBXFileReference; lastKnownFileType = image.png; name = YellowDot.png; path = ../../YellowDot.png; sourceTree = BUILT_PRODUCTS_DIR; };
		A01521B810645A5B00880857 /* WarcraftData.plist */ = {isa = PBXFileReference; fileEncoding = 4; lastKnownFileType = text.plist.xml; path = WarcraftData.plist; sourceTree = "<group>"; };
		A016ABA70FDBE423008B0151 /* Sparkle.framework */ = {isa = PBXFileReference; lastKnownFileType = wrapper.framework; path = Sparkle.framework; sourceTree = "<group>"; };
		A0183195100A020100348EDC /* GHostSocket.h */ = {isa = PBXFileReference; fileEncoding = 4; lastKnownFileType = sourcecode.c.h; path = GHostSocket.h; sourceTree = "<group>"; };
		A0183196100A020100348EDC /* GHostSocket.m */ = {isa = PBXFileReference; fileEncoding = 4; lastKnownFileType = sourcecode.c.objc; path = GHostSocket.m; sourceTree = "<group>"; };
		A028114E0FF69E0400664D23 /* TCMPortMapper.framework */ = {isa = PBXFileReference; lastKnownFileType = wrapper.framework; path = TCMPortMapper.framework; sourceTree = "<group>"; };
		A0293AFF102821E400067788 /* PreferencesMessages.xib */ = {isa = PBXFileReference; lastKnownFileType = file.xib; path = PreferencesMessages.xib; sourceTree = "<group>"; };
		A0293B011028221100067788 /* MessagesController.h */ = {isa = PBXFileReference; fileEncoding = 4; lastKnownFileType = sourcecode.c.h; path = MessagesController.h; sourceTree = "<group>"; };
		A0293B021028221100067788 /* MessagesController.m */ = {isa = PBXFileReference; fileEncoding = 4; lastKnownFileType = sourcecode.c.objc; path = MessagesController.m; sourceTree = "<group>"; };
		A02C9BB30FED3AA800F5E8C9 /* English */ = {isa = PBXFileReference; fileEncoding = 10; lastKnownFileType = text.plist.strings; name = English; path = English.lproj/Language.strings; sourceTree = "<group>"; };
		A02C9BB70FED3ABD00F5E8C9 /* German */ = {isa = PBXFileReference; lastKnownFileType = text.plist.strings; name = German; path = German.lproj/Language.strings; sourceTree = "<group>"; };
		A031AD5B10273D3C00575255 /* UKFileWatcher.h */ = {isa = PBXFileReference; fileEncoding = 4; lastKnownFileType = sourcecode.c.h; path = UKFileWatcher.h; sourceTree = "<group>"; };
		A031AD5C10273D3C00575255 /* UKFileWatcher.m */ = {isa = PBXFileReference; fileEncoding = 4; lastKnownFileType = sourcecode.c.objc; path = UKFileWatcher.m; sourceTree = "<group>"; };
		A031AD5D10273D3C00575255 /* UKFNSubscribeFileWatcher.h */ = {isa = PBXFileReference; fileEncoding = 4; lastKnownFileType = sourcecode.c.h; path = UKFNSubscribeFileWatcher.h; sourceTree = "<group>"; };
		A031AD5E10273D3C00575255 /* UKFNSubscribeFileWatcher.m */ = {isa = PBXFileReference; fileEncoding = 4; lastKnownFileType = sourcecode.c.objc; path = UKFNSubscribeFileWatcher.m; sourceTree = "<group>"; };
		A031AD5F10273D3C00575255 /* UKKQueue Readme.txt */ = {isa = PBXFileReference; fileEncoding = 4; lastKnownFileType = text; path = "UKKQueue Readme.txt"; sourceTree = "<group>"; };
		A031AD6010273D3C00575255 /* UKKQueue.h */ = {isa = PBXFileReference; fileEncoding = 4; lastKnownFileType = sourcecode.c.h; path = UKKQueue.h; sourceTree = "<group>"; };
		A031AD6110273D3C00575255 /* UKKQueue.m */ = {isa = PBXFileReference; fileEncoding = 4; lastKnownFileType = sourcecode.c.objc; path = UKKQueue.m; sourceTree = "<group>"; };
		A031AD6210273D3C00575255 /* UKMainThreadProxy.h */ = {isa = PBXFileReference; fileEncoding = 4; lastKnownFileType = sourcecode.c.h; path = UKMainThreadProxy.h; sourceTree = "<group>"; };
		A031AD6310273D3C00575255 /* UKMainThreadProxy.m */ = {isa = PBXFileReference; fileEncoding = 4; lastKnownFileType = sourcecode.c.objc; path = UKMainThreadProxy.m; sourceTree = "<group>"; };
		A031AF6F10274E0000575255 /* GHostConfigFile.h */ = {isa = PBXFileReference; fileEncoding = 4; lastKnownFileType = sourcecode.c.h; path = GHostConfigFile.h; sourceTree = "<group>"; };
		A031AF7010274E0000575255 /* GHostConfigFile.m */ = {isa = PBXFileReference; fileEncoding = 4; lastKnownFileType = sourcecode.c.objc; path = GHostConfigFile.m; sourceTree = "<group>"; };
		A031B011102758C700575255 /* Map128.png */ = {isa = PBXFileReference; lastKnownFileType = image.png; path = Map128.png; sourceTree = "<group>"; };
		A04A0CF7101B7F3800F1D6D9 /* ChatMessage.h */ = {isa = PBXFileReference; fileEncoding = 4; lastKnownFileType = sourcecode.c.h; path = ChatMessage.h; sourceTree = "<group>"; };
		A04A0CF8101B7F3800F1D6D9 /* ChatMessage.m */ = {isa = PBXFileReference; fileEncoding = 4; lastKnownFileType = sourcecode.c.objc; path = ChatMessage.m; sourceTree = "<group>"; };
		A05D495A100E7BE1004C089B /* ChatViewController.h */ = {isa = PBXFileReference; fileEncoding = 4; lastKnownFileType = sourcecode.c.h; path = ChatViewController.h; sourceTree = "<group>"; };
		A05D495B100E7BE1004C089B /* ChatViewController.m */ = {isa = PBXFileReference; fileEncoding = 4; lastKnownFileType = sourcecode.c.objc; path = ChatViewController.m; sourceTree = "<group>"; };
		A064771610619C93001AC4CC /* ghost4mac-Info.plist */ = {isa = PBXFileReference; lastKnownFileType = text.plist.xml; path = "ghost4mac-Info.plist"; sourceTree = "<group>"; };
		A064772E10619E0E001AC4CC /* bncsutilinterface.cpp */ = {isa = PBXFileReference; fileEncoding = 4; lastKnownFileType = sourcecode.cpp.cpp; path = bncsutilinterface.cpp; sourceTree = "<group>"; };
		A064772F10619E0E001AC4CC /* bncsutilinterface.h */ = {isa = PBXFileReference; fileEncoding = 4; lastKnownFileType = sourcecode.c.h; path = bncsutilinterface.h; sourceTree = "<group>"; };
		A064773110619E0E001AC4CC /* bnet.cpp */ = {isa = PBXFileReference; fileEncoding = 4; lastKnownFileType = sourcecode.cpp.cpp; path = bnet.cpp; sourceTree = "<group>"; };
		A064773210619E0E001AC4CC /* bnet.h */ = {isa = PBXFileReference; fileEncoding = 4; lastKnownFileType = sourcecode.c.h; path = bnet.h; sourceTree = "<group>"; };
		A064773410619E0E001AC4CC /* bnetprotocol.cpp */ = {isa = PBXFileReference; fileEncoding = 4; lastKnownFileType = sourcecode.cpp.cpp; path = bnetprotocol.cpp; sourceTree = "<group>"; };
		A064773510619E0E001AC4CC /* bnetprotocol.h */ = {isa = PBXFileReference; fileEncoding = 4; lastKnownFileType = sourcecode.c.h; path = bnetprotocol.h; sourceTree = "<group>"; };
		A064773710619E0E001AC4CC /* bnlsclient.cpp */ = {isa = PBXFileReference; fileEncoding = 4; lastKnownFileType = sourcecode.cpp.cpp; path = bnlsclient.cpp; sourceTree = "<group>"; };
		A064773810619E0E001AC4CC /* bnlsclient.h */ = {isa = PBXFileReference; fileEncoding = 4; lastKnownFileType = sourcecode.c.h; path = bnlsclient.h; sourceTree = "<group>"; };
		A064773A10619E0E001AC4CC /* bnlsprotocol.cpp */ = {isa = PBXFileReference; fileEncoding = 4; lastKnownFileType = sourcecode.cpp.cpp; path = bnlsprotocol.cpp; sourceTree = "<group>"; };
		A064773B10619E0E001AC4CC /* bnlsprotocol.h */ = {isa = PBXFileReference; fileEncoding = 4; lastKnownFileType = sourcecode.c.h; path = bnlsprotocol.h; sourceTree = "<group>"; };
		A06493D810619E15001AC4CC /* commandpacket.cpp */ = {isa = PBXFileReference; fileEncoding = 4; lastKnownFileType = sourcecode.cpp.cpp; path = commandpacket.cpp; sourceTree = "<group>"; };
		A06493D910619E15001AC4CC /* commandpacket.h */ = {isa = PBXFileReference; fileEncoding = 4; lastKnownFileType = sourcecode.c.h; path = commandpacket.h; sourceTree = "<group>"; };
		A06493DB10619E15001AC4CC /* config.cpp */ = {isa = PBXFileReference; fileEncoding = 4; lastKnownFileType = sourcecode.cpp.cpp; path = config.cpp; sourceTree = "<group>"; };
		A06493DC10619E15001AC4CC /* config.h */ = {isa = PBXFileReference; fileEncoding = 4; lastKnownFileType = sourcecode.c.h; path = config.h; sourceTree = "<group>"; };
		A06493DE10619E15001AC4CC /* crc32.cpp */ = {isa = PBXFileReference; fileEncoding = 4; lastKnownFileType = sourcecode.cpp.cpp; path = crc32.cpp; sourceTree = "<group>"; };
		A06493DF10619E15001AC4CC /* crc32.h */ = {isa = PBXFileReference; fileEncoding = 4; lastKnownFileType = sourcecode.c.h; path = crc32.h; sourceTree = "<group>"; };
		A06493E110619E15001AC4CC /* csvparser.cpp */ = {isa = PBXFileReference; fileEncoding = 4; lastKnownFileType = sourcecode.cpp.cpp; path = csvparser.cpp; sourceTree = "<group>"; };
		A06493E210619E15001AC4CC /* csvparser.h */ = {isa = PBXFileReference; fileEncoding = 4; lastKnownFileType = sourcecode.c.h; path = csvparser.h; sourceTree = "<group>"; };
		A06493E410619E15001AC4CC /* game.cpp */ = {isa = PBXFileReference; fileEncoding = 4; lastKnownFileType = sourcecode.cpp.cpp; path = game.cpp; sourceTree = "<group>"; };
		A06493E510619E15001AC4CC /* game.h */ = {isa = PBXFileReference; fileEncoding = 4; lastKnownFileType = sourcecode.c.h; path = game.h; sourceTree = "<group>"; };
		A06493E710619E15001AC4CC /* game_admin.cpp */ = {isa = PBXFileReference; fileEncoding = 4; lastKnownFileType = sourcecode.cpp.cpp; path = game_admin.cpp; sourceTree = "<group>"; };
		A06493E810619E15001AC4CC /* game_admin.h */ = {isa = PBXFileReference; fileEncoding = 4; lastKnownFileType = sourcecode.c.h; path = game_admin.h; sourceTree = "<group>"; };
		A06493EA10619E15001AC4CC /* game_base.cpp */ = {isa = PBXFileReference; fileEncoding = 4; lastKnownFileType = sourcecode.cpp.cpp; path = game_base.cpp; sourceTree = "<group>"; };
		A06493EB10619E15001AC4CC /* game_base.h */ = {isa = PBXFileReference; fileEncoding = 4; lastKnownFileType = sourcecode.c.h; path = game_base.h; sourceTree = "<group>"; };
		A06493ED10619E15001AC4CC /* gameplayer.cpp */ = {isa = PBXFileReference; fileEncoding = 4; lastKnownFileType = sourcecode.cpp.cpp; path = gameplayer.cpp; sourceTree = "<group>"; };
		A06493EE10619E15001AC4CC /* gameplayer.h */ = {isa = PBXFileReference; fileEncoding = 4; lastKnownFileType = sourcecode.c.h; path = gameplayer.h; sourceTree = "<group>"; };
		A06493F010619E15001AC4CC /* gameprotocol.cpp */ = {isa = PBXFileReference; fileEncoding = 4; lastKnownFileType = sourcecode.cpp.cpp; path = gameprotocol.cpp; sourceTree = "<group>"; };
		A06493F110619E15001AC4CC /* gameprotocol.h */ = {isa = PBXFileReference; fileEncoding = 4; lastKnownFileType = sourcecode.c.h; path = gameprotocol.h; sourceTree = "<group>"; };
		A06493F310619E15001AC4CC /* gameslot.cpp */ = {isa = PBXFileReference; fileEncoding = 4; lastKnownFileType = sourcecode.cpp.cpp; path = gameslot.cpp; sourceTree = "<group>"; };
		A06493F410619E15001AC4CC /* gameslot.h */ = {isa = PBXFileReference; fileEncoding = 4; lastKnownFileType = sourcecode.c.h; path = gameslot.h; sourceTree = "<group>"; };
		A06493F710619E15001AC4CC /* ghost.cpp */ = {isa = PBXFileReference; fileEncoding = 4; lastKnownFileType = sourcecode.cpp.cpp; path = ghost.cpp; sourceTree = "<group>"; };
		A06493F810619E15001AC4CC /* ghost.h */ = {isa = PBXFileReference; fileEncoding = 4; lastKnownFileType = sourcecode.c.h; path = ghost.h; sourceTree = "<group>"; };
		A06493FB10619E15001AC4CC /* ghostdb.cpp */ = {isa = PBXFileReference; fileEncoding = 4; lastKnownFileType = sourcecode.cpp.cpp; path = ghostdb.cpp; sourceTree = "<group>"; };
		A06493FC10619E15001AC4CC /* ghostdb.h */ = {isa = PBXFileReference; fileEncoding = 4; lastKnownFileType = sourcecode.c.h; path = ghostdb.h; sourceTree = "<group>"; };
		A06493FE10619E15001AC4CC /* ghostdbmysql.cpp */ = {isa = PBXFileReference; fileEncoding = 4; lastKnownFileType = sourcecode.cpp.cpp; path = ghostdbmysql.cpp; sourceTree = "<group>"; };
		A06493FF10619E15001AC4CC /* ghostdbmysql.h */ = {isa = PBXFileReference; fileEncoding = 4; lastKnownFileType = sourcecode.c.h; path = ghostdbmysql.h; sourceTree = "<group>"; };
		A064940110619E15001AC4CC /* ghostdbsqlite.cpp */ = {isa = PBXFileReference; fileEncoding = 4; lastKnownFileType = sourcecode.cpp.cpp; path = ghostdbsqlite.cpp; sourceTree = "<group>"; };
		A064940210619E15001AC4CC /* ghostdbsqlite.h */ = {isa = PBXFileReference; fileEncoding = 4; lastKnownFileType = sourcecode.c.h; path = ghostdbsqlite.h; sourceTree = "<group>"; };
		A064940410619E15001AC4CC /* includes.h */ = {isa = PBXFileReference; fileEncoding = 4; lastKnownFileType = sourcecode.c.h; path = includes.h; sourceTree = "<group>"; };
		A064940510619E15001AC4CC /* language.cpp */ = {isa = PBXFileReference; fileEncoding = 4; lastKnownFileType = sourcecode.cpp.cpp; path = language.cpp; sourceTree = "<group>"; };
		A064940610619E15001AC4CC /* language.h */ = {isa = PBXFileReference; fileEncoding = 4; lastKnownFileType = sourcecode.c.h; path = language.h; sourceTree = "<group>"; };
		A064941610619E15001AC4CC /* Makefile */ = {isa = PBXFileReference; fileEncoding = 4; lastKnownFileType = sourcecode.make; path = Makefile; sourceTree = "<group>"; };
		A064941710619E15001AC4CC /* map.cpp */ = {isa = PBXFileReference; fileEncoding = 4; lastKnownFileType = sourcecode.cpp.cpp; path = map.cpp; sourceTree = "<group>"; };
		A064941810619E15001AC4CC /* map.h */ = {isa = PBXFileReference; fileEncoding = 4; lastKnownFileType = sourcecode.c.h; path = map.h; sourceTree = "<group>"; };
		A064941A10619E15001AC4CC /* ms_stdint.h */ = {isa = PBXFileReference; fileEncoding = 4; lastKnownFileType = sourcecode.c.h; path = ms_stdint.h; sourceTree = "<group>"; };
		A064941B10619E15001AC4CC /* next_combination.h */ = {isa = PBXFileReference; fileEncoding = 4; lastKnownFileType = sourcecode.c.h; path = next_combination.h; sourceTree = "<group>"; };
		A064945D10619E16001AC4CC /* packed.cpp */ = {isa = PBXFileReference; fileEncoding = 4; lastKnownFileType = sourcecode.cpp.cpp; path = packed.cpp; sourceTree = "<group>"; };
		A064945E10619E16001AC4CC /* packed.h */ = {isa = PBXFileReference; fileEncoding = 4; lastKnownFileType = sourcecode.c.h; path = packed.h; sourceTree = "<group>"; };
		A064946010619E16001AC4CC /* rcon.cpp */ = {isa = PBXFileReference; fileEncoding = 4; lastKnownFileType = sourcecode.cpp.cpp; path = rcon.cpp; sourceTree = "<group>"; };
		A064946110619E16001AC4CC /* rcon.h */ = {isa = PBXFileReference; fileEncoding = 4; lastKnownFileType = sourcecode.c.h; path = rcon.h; sourceTree = "<group>"; };
		A064946310619E16001AC4CC /* replay.cpp */ = {isa = PBXFileReference; fileEncoding = 4; lastKnownFileType = sourcecode.cpp.cpp; path = replay.cpp; sourceTree = "<group>"; };
		A064946410619E16001AC4CC /* replay.h */ = {isa = PBXFileReference; fileEncoding = 4; lastKnownFileType = sourcecode.c.h; path = replay.h; sourceTree = "<group>"; };
		A064946610619E16001AC4CC /* savegame.cpp */ = {isa = PBXFileReference; fileEncoding = 4; lastKnownFileType = sourcecode.cpp.cpp; path = savegame.cpp; sourceTree = "<group>"; };
		A064946710619E16001AC4CC /* savegame.h */ = {isa = PBXFileReference; fileEncoding = 4; lastKnownFileType = sourcecode.c.h; path = savegame.h; sourceTree = "<group>"; };
		A064946910619E16001AC4CC /* sha1.cpp */ = {isa = PBXFileReference; fileEncoding = 4; lastKnownFileType = sourcecode.cpp.cpp; path = sha1.cpp; sourceTree = "<group>"; };
		A064946A10619E16001AC4CC /* sha1.h */ = {isa = PBXFileReference; fileEncoding = 4; lastKnownFileType = sourcecode.c.h; path = sha1.h; sourceTree = "<group>"; };
		A064946C10619E16001AC4CC /* socket.cpp */ = {isa = PBXFileReference; fileEncoding = 4; lastKnownFileType = sourcecode.cpp.cpp; path = socket.cpp; sourceTree = "<group>"; };
		A064946D10619E16001AC4CC /* socket.h */ = {isa = PBXFileReference; fileEncoding = 4; lastKnownFileType = sourcecode.c.h; path = socket.h; sourceTree = "<group>"; };
		A064946F10619E16001AC4CC /* socket_rcon.cpp */ = {isa = PBXFileReference; fileEncoding = 4; lastKnownFileType = sourcecode.cpp.cpp; path = socket_rcon.cpp; sourceTree = "<group>"; };
		A064947010619E16001AC4CC /* sqlite3.c */ = {isa = PBXFileReference; fileEncoding = 4; lastKnownFileType = sourcecode.c.c; path = sqlite3.c; sourceTree = "<group>"; };
		A064947110619E16001AC4CC /* sqlite3.h */ = {isa = PBXFileReference; fileEncoding = 4; lastKnownFileType = sourcecode.c.h; path = sqlite3.h; sourceTree = "<group>"; };
		A064947310619E16001AC4CC /* sqlite3ext.h */ = {isa = PBXFileReference; fileEncoding = 4; lastKnownFileType = sourcecode.c.h; path = sqlite3ext.h; sourceTree = "<group>"; };
		A064947410619E16001AC4CC /* stats.cpp */ = {isa = PBXFileReference; fileEncoding = 4; lastKnownFileType = sourcecode.cpp.cpp; path = stats.cpp; sourceTree = "<group>"; };
		A064947510619E16001AC4CC /* stats.h */ = {isa = PBXFileReference; fileEncoding = 4; lastKnownFileType = sourcecode.c.h; path = stats.h; sourceTree = "<group>"; };
		A064947710619E16001AC4CC /* statsdota.cpp */ = {isa = PBXFileReference; fileEncoding = 4; lastKnownFileType = sourcecode.cpp.cpp; path = statsdota.cpp; sourceTree = "<group>"; };
		A064947810619E16001AC4CC /* statsdota.h */ = {isa = PBXFileReference; fileEncoding = 4; lastKnownFileType = sourcecode.c.h; path = statsdota.h; sourceTree = "<group>"; };
		A064947A10619E16001AC4CC /* statsw3mmd.cpp */ = {isa = PBXFileReference; fileEncoding = 4; lastKnownFileType = sourcecode.cpp.cpp; path = statsw3mmd.cpp; sourceTree = "<group>"; };
		A064947B10619E16001AC4CC /* statsw3mmd.h */ = {isa = PBXFileReference; fileEncoding = 4; lastKnownFileType = sourcecode.c.h; path = statsw3mmd.h; sourceTree = "<group>"; };
		A064947E10619E16001AC4CC /* util.cpp */ = {isa = PBXFileReference; fileEncoding = 4; lastKnownFileType = sourcecode.cpp.cpp; path = util.cpp; sourceTree = "<group>"; };
		A064947F10619E16001AC4CC /* util.h */ = {isa = PBXFileReference; fileEncoding = 4; lastKnownFileType = sourcecode.c.h; path = util.h; sourceTree = "<group>"; };
		A064948110619E16001AC4CC /* GHostController.h */ = {isa = PBXFileReference; fileEncoding = 4; lastKnownFileType = sourcecode.c.h; path = GHostController.h; sourceTree = "<group>"; };
		A064948210619E16001AC4CC /* GHostController.m */ = {isa = PBXFileReference; fileEncoding = 4; lastKnownFileType = sourcecode.c.objc; path = GHostController.m; sourceTree = "<group>"; };
		A064948310619E16001AC4CC /* TaskWrapper.h */ = {isa = PBXFileReference; fileEncoding = 4; lastKnownFileType = sourcecode.c.h; path = TaskWrapper.h; sourceTree = "<group>"; };
		A064948410619E16001AC4CC /* TaskWrapper.m */ = {isa = PBXFileReference; fileEncoding = 4; lastKnownFileType = sourcecode.c.objc; path = TaskWrapper.m; sourceTree = "<group>"; };
		A064AFAA10619F43001AC4CC /* ghost4mac.framework */ = {isa = PBXFileReference; explicitFileType = wrapper.framework; includeInIndex = 0; path = ghost4mac.framework; sourceTree = BUILT_PRODUCTS_DIR; };
		A064B01D1061AC14001AC4CC /* ghost++ */ = {isa = PBXFileReference; lastKnownFileType = "compiled.mach-o.executable"; path = "ghost++"; sourceTree = "<group>"; };
		A064B0221061AD8D001AC4CC /* libbncsutil.dylib */ = {isa = PBXFileReference; lastKnownFileType = "compiled.mach-o.dylib"; path = libbncsutil.dylib; sourceTree = "<group>"; };
		A064B0231061AD8D001AC4CC /* libboost_date_time-mt.dylib */ = {isa = PBXFileReference; lastKnownFileType = "compiled.mach-o.dylib"; path = "libboost_date_time-mt.dylib"; sourceTree = "<group>"; };
		A064B0241061AD8D001AC4CC /* libboost_filesystem-mt.dylib */ = {isa = PBXFileReference; lastKnownFileType = "compiled.mach-o.dylib"; path = "libboost_filesystem-mt.dylib"; sourceTree = "<group>"; };
		A064B0251061AD8D001AC4CC /* libboost_regex-mt.dylib */ = {isa = PBXFileReference; lastKnownFileType = "compiled.mach-o.dylib"; path = "libboost_regex-mt.dylib"; sourceTree = "<group>"; };
		A064B0261061AD8D001AC4CC /* libboost_system-mt.dylib */ = {isa = PBXFileReference; lastKnownFileType = "compiled.mach-o.dylib"; path = "libboost_system-mt.dylib"; sourceTree = "<group>"; };
		A064B0271061AD8D001AC4CC /* libboost_thread-mt.dylib */ = {isa = PBXFileReference; lastKnownFileType = "compiled.mach-o.dylib"; path = "libboost_thread-mt.dylib"; sourceTree = "<group>"; };
		A064B0291061AD8D001AC4CC /* libgmp.3.4.4.dylib */ = {isa = PBXFileReference; lastKnownFileType = "compiled.mach-o.dylib"; path = libgmp.3.4.4.dylib; sourceTree = "<group>"; };
		A064B02E1061AD8D001AC4CC /* libStorm.dylib */ = {isa = PBXFileReference; lastKnownFileType = "compiled.mach-o.dylib"; path = libStorm.dylib; sourceTree = "<group>"; };
		A079BAD510028982007E18C5 /* ViewConsole.xib */ = {isa = PBXFileReference; lastKnownFileType = file.xib; path = ViewConsole.xib; sourceTree = "<group>"; };
		A079BAF81002B8CE007E18C5 /* LRViewController.h */ = {isa = PBXFileReference; fileEncoding = 4; lastKnownFileType = sourcecode.c.h; path = LRViewController.h; sourceTree = "<group>"; };
		A079BAF91002B8CE007E18C5 /* LRViewController.m */ = {isa = PBXFileReference; fileEncoding = 4; lastKnownFileType = sourcecode.c.objc; path = LRViewController.m; sourceTree = "<group>"; };
		A079BB151002BB8B007E18C5 /* ConsoleViewController.h */ = {isa = PBXFileReference; fileEncoding = 4; lastKnownFileType = sourcecode.c.h; path = ConsoleViewController.h; sourceTree = "<group>"; };
		A079BB161002BB8B007E18C5 /* ConsoleViewController.m */ = {isa = PBXFileReference; fileEncoding = 4; lastKnownFileType = sourcecode.c.objc; path = ConsoleViewController.m; sourceTree = "<group>"; };
		A079BCB4100342E2007E18C5 /* ViewChat.xib */ = {isa = PBXFileReference; lastKnownFileType = file.xib; path = ViewChat.xib; sourceTree = "<group>"; };
		A07FB63F0FE3F2960019EF5F /* RegexKit.framework */ = {isa = PBXFileReference; lastKnownFileType = wrapper.framework; name = RegexKit.framework; path = Local/Frameworks/RegexKit.framework; sourceTree = DEVELOPER_DIR; };
		A08142940FE9AB75007FF74F /* MBPreferencesController.h */ = {isa = PBXFileReference; fileEncoding = 4; lastKnownFileType = sourcecode.c.h; path = MBPreferencesController.h; sourceTree = "<group>"; };
		A08142950FE9AB75007FF74F /* MBPreferencesController.m */ = {isa = PBXFileReference; fileEncoding = 4; lastKnownFileType = sourcecode.c.objc; path = MBPreferencesController.m; sourceTree = "<group>"; };
		A08142970FE9ABF3007FF74F /* MapController.h */ = {isa = PBXFileReference; fileEncoding = 4; lastKnownFileType = sourcecode.c.h; path = MapController.h; sourceTree = "<group>"; };
		A08142980FE9ABF3007FF74F /* MapController.m */ = {isa = PBXFileReference; fileEncoding = 4; lastKnownFileType = sourcecode.c.objc; path = MapController.m; sourceTree = "<group>"; };
		A081429A0FE9AC02007FF74F /* ConfigController.h */ = {isa = PBXFileReference; fileEncoding = 4; lastKnownFileType = sourcecode.c.h; path = ConfigController.h; sourceTree = "<group>"; };
		A081429B0FE9AC02007FF74F /* ConfigController.m */ = {isa = PBXFileReference; fileEncoding = 4; lastKnownFileType = sourcecode.c.objc; path = ConfigController.m; sourceTree = "<group>"; };
		A08143000FE9B12E007FF74F /* English */ = {isa = PBXFileReference; lastKnownFileType = file.xib; name = English; path = English.lproj/PreferencesConfig.xib; sourceTree = "<group>"; };
		A09EE6911062594000E04EEE /* libmysqlclient_r.16.dylib */ = {isa = PBXFileReference; lastKnownFileType = "compiled.mach-o.dylib"; path = libmysqlclient_r.16.dylib; sourceTree = "<group>"; };
		A0BB69A20FDBFE2500B9A3FC /* BadgeView.h */ = {isa = PBXFileReference; fileEncoding = 4; lastKnownFileType = sourcecode.c.h; path = BadgeView.h; sourceTree = "<group>"; };
		A0BB69A30FDBFE2500B9A3FC /* BadgeView.m */ = {isa = PBXFileReference; fileEncoding = 4; lastKnownFileType = sourcecode.c.objc; path = BadgeView.m; sourceTree = "<group>"; };
		A0BB69A70FDBFF5F00B9A3FC /* GreenBanner.png */ = {isa = PBXFileReference; lastKnownFileType = image.png; path = GreenBanner.png; sourceTree = "<group>"; };
		A0C1F02B0FE5B919001CBBC2 /* defaults */ = {isa = PBXFileReference; lastKnownFileType = folder; path = defaults; sourceTree = "<group>"; };
		A0C1F05D0FE5C454001CBBC2 /* dsa_pub_genie.pem */ = {isa = PBXFileReference; fileEncoding = 4; lastKnownFileType = text; path = dsa_pub_genie.pem; sourceTree = "<group>"; };
		A0C4F4B70FE72E680065E6AB /* map.png */ = {isa = PBXFileReference; lastKnownFileType = image.png; path = map.png; sourceTree = "<group>"; };
		A0C4F4BE0FE72F420065E6AB /* replay.png */ = {isa = PBXFileReference; lastKnownFileType = image.png; path = replay.png; sourceTree = "<group>"; };
		A0C4F4C00FE7306F0065E6AB /* ghost.png */ = {isa = PBXFileReference; lastKnownFileType = image.png; path = ghost.png; sourceTree = "<group>"; };
		A0C4F4C70FE732200065E6AB /* config.png */ = {isa = PBXFileReference; lastKnownFileType = image.png; path = config.png; sourceTree = "<group>"; };
		A0DA506E0FEF9084008F9A8F /* AsyncUdpSocket.h */ = {isa = PBXFileReference; fileEncoding = 4; lastKnownFileType = sourcecode.c.h; path = AsyncUdpSocket.h; sourceTree = "<group>"; };
		A0DA506F0FEF9084008F9A8F /* AsyncUdpSocket.m */ = {isa = PBXFileReference; fileEncoding = 4; lastKnownFileType = sourcecode.c.objc; path = AsyncUdpSocket.m; sourceTree = "<group>"; };
		A0DA50750FEF909A008F9A8F /* Appcast.xml */ = {isa = PBXFileReference; fileEncoding = 4; lastKnownFileType = text.xml; path = Appcast.xml; sourceTree = "<group>"; };
		A0DCC6C610376D46001B5D39 /* heart32.png */ = {isa = PBXFileReference; lastKnownFileType = image.png; path = heart32.png; sourceTree = "<group>"; };
		A0DDB7110FEBB863003E3B37 /* GeneralController.h */ = {isa = PBXFileReference; fileEncoding = 4; lastKnownFileType = sourcecode.c.h; path = GeneralController.h; sourceTree = "<group>"; };
		A0DDB7120FEBB863003E3B37 /* GeneralController.m */ = {isa = PBXFileReference; fileEncoding = 4; lastKnownFileType = sourcecode.c.objc; path = GeneralController.m; sourceTree = "<group>"; };
		A0DDB7140FEBB8A0003E3B37 /* PreferencesGeneral.xib */ = {isa = PBXFileReference; lastKnownFileType = file.xib; path = PreferencesGeneral.xib; sourceTree = "<group>"; };
		A0DDB7E80FEBBF70003E3B37 /* PreferencesMaps.xib */ = {isa = PBXFileReference; lastKnownFileType = file.xib; path = PreferencesMaps.xib; sourceTree = "<group>"; };
		A0E5D1C00FE6E663002C9A96 /* LogEntry.h */ = {isa = PBXFileReference; fileEncoding = 4; lastKnownFileType = sourcecode.c.h; path = LogEntry.h; sourceTree = "<group>"; };
		A0E5D1C10FE6E663002C9A96 /* LogEntry.m */ = {isa = PBXFileReference; fileEncoding = 4; lastKnownFileType = sourcecode.c.objc; path = LogEntry.m; sourceTree = "<group>"; };
		A0F9BD620FDB288300C9F2D9 /* UIController.m */ = {isa = PBXFileReference; fileEncoding = 4; lastKnownFileType = sourcecode.c.objc; path = UIController.m; sourceTree = "<group>"; };
		A0F9BD630FDB288300C9F2D9 /* UIController.h */ = {isa = PBXFileReference; fileEncoding = 4; lastKnownFileType = sourcecode.c.h; path = UIController.h; sourceTree = "<group>"; };
		A0F9BDE60FDB334C00C9F2D9 /* pumbaa.icns */ = {isa = PBXFileReference; lastKnownFileType = image.icns; path = pumbaa.icns; sourceTree = "<group>"; };
/* End PBXFileReference section */

/* Begin PBXFrameworksBuildPhase section */
		8D11072E0486CEB800E47090 /* Frameworks */ = {
			isa = PBXFrameworksBuildPhase;
			buildActionMask = 2147483647;
			files = (
				A064B0061061A63A001AC4CC /* ghost4mac.framework in Frameworks */,
				A016ABA80FDBE423008B0151 /* Sparkle.framework in Frameworks */,
				8D11072F0486CEB800E47090 /* Cocoa.framework in Frameworks */,
				A07FB6400FE3F2960019EF5F /* RegexKit.framework in Frameworks */,
				A02812140FF6A20500664D23 /* TCMPortMapper.framework in Frameworks */,
			);
			runOnlyForDeploymentPostprocessing = 0;
		};
		A064AFA810619F43001AC4CC /* Frameworks */ = {
			isa = PBXFrameworksBuildPhase;
			buildActionMask = 2147483647;
			files = (
			);
			runOnlyForDeploymentPostprocessing = 0;
		};
/* End PBXFrameworksBuildPhase section */

/* Begin PBXGroup section */
		080E96DDFE201D6D7F000001 /* Classes */ = {
			isa = PBXGroup;
			children = (
				A079BB141002BB6A007E18C5 /* ViewControllers */,
				A0DDB70F0FEBB815003E3B37 /* PrefControllers */,
				A0F9BD620FDB288300C9F2D9 /* UIController.m */,
				A0F9BD630FDB288300C9F2D9 /* UIController.h */,
				A0E5D1C00FE6E663002C9A96 /* LogEntry.h */,
				A0E5D1C10FE6E663002C9A96 /* LogEntry.m */,
				A079BAF81002B8CE007E18C5 /* LRViewController.h */,
				A079BAF91002B8CE007E18C5 /* LRViewController.m */,
				A0183195100A020100348EDC /* GHostSocket.h */,
				A0183196100A020100348EDC /* GHostSocket.m */,
				A04A0CF7101B7F3800F1D6D9 /* ChatMessage.h */,
				A04A0CF8101B7F3800F1D6D9 /* ChatMessage.m */,
				A031AF6F10274E0000575255 /* GHostConfigFile.h */,
				A031AF7010274E0000575255 /* GHostConfigFile.m */,
			);
			name = Classes;
			sourceTree = "<group>";
		};
		1058C7A0FEA54F0111CA2CBB /* Linked Frameworks */ = {
			isa = PBXGroup;
			children = (
				A028114E0FF69E0400664D23 /* TCMPortMapper.framework */,
				A07FB63F0FE3F2960019EF5F /* RegexKit.framework */,
				A016ABA70FDBE423008B0151 /* Sparkle.framework */,
				1058C7A1FEA54F0111CA2CBB /* Cocoa.framework */,
			);
			name = "Linked Frameworks";
			sourceTree = "<group>";
		};
		1058C7A2FEA54F0111CA2CBB /* Other Frameworks */ = {
			isa = PBXGroup;
			children = (
				29B97324FDCFA39411CA2CEA /* AppKit.framework */,
				13E42FB307B3F0F600E4EEF1 /* CoreData.framework */,
				29B97325FDCFA39411CA2CEA /* Foundation.framework */,
			);
			name = "Other Frameworks";
			sourceTree = "<group>";
		};
		19C28FACFE9D520D11CA2CBB /* Products */ = {
			isa = PBXGroup;
			children = (
				8D1107320486CEB800E47090 /* Genie.app */,
				A064AFAA10619F43001AC4CC /* ghost4mac.framework */,
			);
			name = Products;
			sourceTree = "<group>";
		};
		29B97314FDCFA39411CA2CEA /* Genie++ */ = {
			isa = PBXGroup;
			children = (
				A0DA50750FEF909A008F9A8F /* Appcast.xml */,
				A064772D10619E0E001AC4CC /* ghost */,
				A064772C10619E0E001AC4CC /* ghost controller */,
				A002AEA00FE4FA55009A7E1D /* 3rdparty */,
				080E96DDFE201D6D7F000001 /* Classes */,
				29B97315FDCFA39411CA2CEA /* Other Sources */,
				29B97317FDCFA39411CA2CEA /* Resources */,
				29B97323FDCFA39411CA2CEA /* Frameworks */,
				19C28FACFE9D520D11CA2CBB /* Products */,
				A064771610619C93001AC4CC /* ghost4mac-Info.plist */,
				A01521B810645A5B00880857 /* WarcraftData.plist */,
			);
			name = "Genie++";
			sourceTree = "<group>";
		};
		29B97315FDCFA39411CA2CEA /* Other Sources */ = {
			isa = PBXGroup;
			children = (
				32CA4F630368D1EE00C91783 /* Genie_Prefix.pch */,
				29B97316FDCFA39411CA2CEA /* main.m */,
			);
			name = "Other Sources";
			sourceTree = "<group>";
		};
		29B97317FDCFA39411CA2CEA /* Resources */ = {
			isa = PBXGroup;
			children = (
				A0DCC6C610376D46001B5D39 /* heart32.png */,
				A031B011102758C700575255 /* Map128.png */,
				A00A578D0FF4C07100CAD524 /* GreenDot.png */,
				A00A578E0FF4C07100CAD524 /* RedDot.png */,
				A00A578F0FF4C07100CAD524 /* YellowDot.png */,
				A0DDB7E80FEBBF70003E3B37 /* PreferencesMaps.xib */,
				A0DDB7140FEBB8A0003E3B37 /* PreferencesGeneral.xib */,
				A0293AFF102821E400067788 /* PreferencesMessages.xib */,
				A081433F0FE9B4D2007FF74F /* PreferencesConfig.xib */,
				A0C4F4C70FE732200065E6AB /* config.png */,
				A0C4F4C00FE7306F0065E6AB /* ghost.png */,
				A0C4F4BE0FE72F420065E6AB /* replay.png */,
				A0C4F4B70FE72E680065E6AB /* map.png */,
				A0C1F05D0FE5C454001CBBC2 /* dsa_pub_genie.pem */,
				A0C1F02B0FE5B919001CBBC2 /* defaults */,
				A0BB69A70FDBFF5F00B9A3FC /* GreenBanner.png */,
				A0F9BDE60FDB334C00C9F2D9 /* pumbaa.icns */,
				8D1107310486CEB800E47090 /* Info.plist */,
				089C165CFE840E0CC02AAC07 /* InfoPlist.strings */,
				1DDD58140DA1D0A300B32029 /* MainMenu.xib */,
				A02C9BB50FED3AB000F5E8C9 /* Language.strings */,
				A079BAD510028982007E18C5 /* ViewConsole.xib */,
				A079BCB4100342E2007E18C5 /* ViewChat.xib */,
			);
			name = Resources;
			sourceTree = "<group>";
		};
		29B97323FDCFA39411CA2CEA /* Frameworks */ = {
			isa = PBXGroup;
			children = (
				1058C7A0FEA54F0111CA2CBB /* Linked Frameworks */,
				1058C7A2FEA54F0111CA2CBB /* Other Frameworks */,
			);
			name = Frameworks;
			sourceTree = "<group>";
		};
		A002AEA00FE4FA55009A7E1D /* 3rdparty */ = {
			isa = PBXGroup;
			children = (
				A031AD5A10273D3C00575255 /* UKKQueue */,
				A0DA506E0FEF9084008F9A8F /* AsyncUdpSocket.h */,
				A0DA506F0FEF9084008F9A8F /* AsyncUdpSocket.m */,
				A08142940FE9AB75007FF74F /* MBPreferencesController.h */,
				A08142950FE9AB75007FF74F /* MBPreferencesController.m */,
				A0BB69A20FDBFE2500B9A3FC /* BadgeView.h */,
				A0BB69A30FDBFE2500B9A3FC /* BadgeView.m */,
			);
			name = 3rdparty;
			sourceTree = "<group>";
		};
		A031AD5A10273D3C00575255 /* UKKQueue */ = {
			isa = PBXGroup;
			children = (
				A031AD5B10273D3C00575255 /* UKFileWatcher.h */,
				A031AD5C10273D3C00575255 /* UKFileWatcher.m */,
				A031AD5D10273D3C00575255 /* UKFNSubscribeFileWatcher.h */,
				A031AD5E10273D3C00575255 /* UKFNSubscribeFileWatcher.m */,
				A031AD5F10273D3C00575255 /* UKKQueue Readme.txt */,
				A031AD6010273D3C00575255 /* UKKQueue.h */,
				A031AD6110273D3C00575255 /* UKKQueue.m */,
				A031AD6210273D3C00575255 /* UKMainThreadProxy.h */,
				A031AD6310273D3C00575255 /* UKMainThreadProxy.m */,
			);
			path = UKKQueue;
			sourceTree = "<group>";
		};
		A064772C10619E0E001AC4CC /* ghost controller */ = {
			isa = PBXGroup;
			children = (
				A064948110619E16001AC4CC /* GHostController.h */,
				A064948210619E16001AC4CC /* GHostController.m */,
				A064948310619E16001AC4CC /* TaskWrapper.h */,
				A064948410619E16001AC4CC /* TaskWrapper.m */,
			);
			name = "ghost controller";
			path = ghost4mac;
			sourceTree = "<group>";
		};
		A064772D10619E0E001AC4CC /* ghost */ = {
			isa = PBXGroup;
			children = (
				A064941610619E15001AC4CC /* Makefile */,
				A064B01D1061AC14001AC4CC /* ghost++ */,
				A064B0201061AD57001AC4CC /* lib */,
				A064772E10619E0E001AC4CC /* bncsutilinterface.cpp */,
				A064772F10619E0E001AC4CC /* bncsutilinterface.h */,
				A064773110619E0E001AC4CC /* bnet.cpp */,
				A064773210619E0E001AC4CC /* bnet.h */,
				A064773410619E0E001AC4CC /* bnetprotocol.cpp */,
				A064773510619E0E001AC4CC /* bnetprotocol.h */,
				A064773710619E0E001AC4CC /* bnlsclient.cpp */,
				A064773810619E0E001AC4CC /* bnlsclient.h */,
				A064773A10619E0E001AC4CC /* bnlsprotocol.cpp */,
				A064773B10619E0E001AC4CC /* bnlsprotocol.h */,
				A06493D810619E15001AC4CC /* commandpacket.cpp */,
				A06493D910619E15001AC4CC /* commandpacket.h */,
				A06493DB10619E15001AC4CC /* config.cpp */,
				A06493DC10619E15001AC4CC /* config.h */,
				A06493DE10619E15001AC4CC /* crc32.cpp */,
				A06493DF10619E15001AC4CC /* crc32.h */,
				A06493E110619E15001AC4CC /* csvparser.cpp */,
				A06493E210619E15001AC4CC /* csvparser.h */,
				A06493E410619E15001AC4CC /* game.cpp */,
				A06493E510619E15001AC4CC /* game.h */,
				A06493E710619E15001AC4CC /* game_admin.cpp */,
				A06493E810619E15001AC4CC /* game_admin.h */,
				A06493EA10619E15001AC4CC /* game_base.cpp */,
				A06493EB10619E15001AC4CC /* game_base.h */,
				A06493ED10619E15001AC4CC /* gameplayer.cpp */,
				A06493EE10619E15001AC4CC /* gameplayer.h */,
				A06493F010619E15001AC4CC /* gameprotocol.cpp */,
				A06493F110619E15001AC4CC /* gameprotocol.h */,
				A06493F310619E15001AC4CC /* gameslot.cpp */,
				A06493F410619E15001AC4CC /* gameslot.h */,
				A06493F710619E15001AC4CC /* ghost.cpp */,
				A06493F810619E15001AC4CC /* ghost.h */,
				A06493FB10619E15001AC4CC /* ghostdb.cpp */,
				A06493FC10619E15001AC4CC /* ghostdb.h */,
				A06493FE10619E15001AC4CC /* ghostdbmysql.cpp */,
				A06493FF10619E15001AC4CC /* ghostdbmysql.h */,
				A064940110619E15001AC4CC /* ghostdbsqlite.cpp */,
				A064940210619E15001AC4CC /* ghostdbsqlite.h */,
				A064940410619E15001AC4CC /* includes.h */,
				A064940510619E15001AC4CC /* language.cpp */,
				A064940610619E15001AC4CC /* language.h */,
				A064941710619E15001AC4CC /* map.cpp */,
				A064941810619E15001AC4CC /* map.h */,
				A064941A10619E15001AC4CC /* ms_stdint.h */,
				A064941B10619E15001AC4CC /* next_combination.h */,
				A064945D10619E16001AC4CC /* packed.cpp */,
				A064945E10619E16001AC4CC /* packed.h */,
				A064946010619E16001AC4CC /* rcon.cpp */,
				A064946110619E16001AC4CC /* rcon.h */,
				A064946310619E16001AC4CC /* replay.cpp */,
				A064946410619E16001AC4CC /* replay.h */,
				A064946610619E16001AC4CC /* savegame.cpp */,
				A064946710619E16001AC4CC /* savegame.h */,
				A064946910619E16001AC4CC /* sha1.cpp */,
				A064946A10619E16001AC4CC /* sha1.h */,
				A064946C10619E16001AC4CC /* socket.cpp */,
				A064946D10619E16001AC4CC /* socket.h */,
				A064946F10619E16001AC4CC /* socket_rcon.cpp */,
				A064947010619E16001AC4CC /* sqlite3.c */,
				A064947110619E16001AC4CC /* sqlite3.h */,
				A064947310619E16001AC4CC /* sqlite3ext.h */,
				A064947410619E16001AC4CC /* stats.cpp */,
				A064947510619E16001AC4CC /* stats.h */,
				A064947710619E16001AC4CC /* statsdota.cpp */,
				A064947810619E16001AC4CC /* statsdota.h */,
				A064947A10619E16001AC4CC /* statsw3mmd.cpp */,
				A064947B10619E16001AC4CC /* statsw3mmd.h */,
				A064947E10619E16001AC4CC /* util.cpp */,
				A064947F10619E16001AC4CC /* util.h */,
			);
			name = ghost;
			path = ghost4mac/ghost;
			sourceTree = "<group>";
		};
		A064B0201061AD57001AC4CC /* lib */ = {
			isa = PBXGroup;
			children = (
				A09EE6911062594000E04EEE /* libmysqlclient_r.16.dylib */,
				A064B0221061AD8D001AC4CC /* libbncsutil.dylib */,
				A064B0231061AD8D001AC4CC /* libboost_date_time-mt.dylib */,
				A064B0241061AD8D001AC4CC /* libboost_filesystem-mt.dylib */,
				A064B0251061AD8D001AC4CC /* libboost_regex-mt.dylib */,
				A064B0261061AD8D001AC4CC /* libboost_system-mt.dylib */,
				A064B0271061AD8D001AC4CC /* libboost_thread-mt.dylib */,
				A064B0291061AD8D001AC4CC /* libgmp.3.4.4.dylib */,
				A064B02E1061AD8D001AC4CC /* libStorm.dylib */,
			);
			name = lib;
			sourceTree = "<group>";
		};
		A079BB141002BB6A007E18C5 /* ViewControllers */ = {
			isa = PBXGroup;
			children = (
				A079BB151002BB8B007E18C5 /* ConsoleViewController.h */,
				A079BB161002BB8B007E18C5 /* ConsoleViewController.m */,
				A05D495A100E7BE1004C089B /* ChatViewController.h */,
				A05D495B100E7BE1004C089B /* ChatViewController.m */,
			);
			name = ViewControllers;
			sourceTree = "<group>";
		};
		A0DDB70F0FEBB815003E3B37 /* PrefControllers */ = {
			isa = PBXGroup;
			children = (
				A08142970FE9ABF3007FF74F /* MapController.h */,
				A08142980FE9ABF3007FF74F /* MapController.m */,
				A081429A0FE9AC02007FF74F /* ConfigController.h */,
				A081429B0FE9AC02007FF74F /* ConfigController.m */,
				A0DDB7110FEBB863003E3B37 /* GeneralController.h */,
				A0DDB7120FEBB863003E3B37 /* GeneralController.m */,
				A0293B011028221100067788 /* MessagesController.h */,
				A0293B021028221100067788 /* MessagesController.m */,
			);
			name = PrefControllers;
			sourceTree = "<group>";
		};
/* End PBXGroup section */

/* Begin PBXHeadersBuildPhase section */
		A064AFA510619F43001AC4CC /* Headers */ = {
			isa = PBXHeadersBuildPhase;
			buildActionMask = 2147483647;
			files = (
				A064AFF410619F5B001AC4CC /* GHostController.h in Headers */,
				A064AFF610619F5B001AC4CC /* TaskWrapper.h in Headers */,
			);
			runOnlyForDeploymentPostprocessing = 0;
		};
/* End PBXHeadersBuildPhase section */

/* Begin PBXLegacyTarget section */
		A064AFF910619FC5001AC4CC /* ghost */ = {
			isa = PBXLegacyTarget;
			buildArgumentsString = "$(ACTION) -j2";
			buildConfigurationList = A064AFFC10619FF4001AC4CC /* Build configuration list for PBXLegacyTarget "ghost" */;
			buildPhases = (
			);
			buildToolPath = /usr/bin/make;
			buildWorkingDirectory = ghost4mac/ghost;
			dependencies = (
			);
			name = ghost;
			passBuildSettingsInEnvironment = 1;
			productName = ghost;
		};
/* End PBXLegacyTarget section */

/* Begin PBXNativeTarget section */
		8D1107260486CEB800E47090 /* Genie */ = {
			isa = PBXNativeTarget;
			buildConfigurationList = C01FCF4A08A954540054247B /* Build configuration list for PBXNativeTarget "Genie" */;
			buildPhases = (
				8D1107290486CEB800E47090 /* Resources */,
				8D11072C0486CEB800E47090 /* Sources */,
				8D11072E0486CEB800E47090 /* Frameworks */,
				A016ABBC0FDBE523008B0151 /* Copy Frameworks */,
			);
			buildRules = (
			);
			dependencies = (
				A064B0001061A01F001AC4CC /* PBXTargetDependency */,
			);
			name = Genie;
			productInstallPath = "$(HOME)/Applications";
			productName = "Genie++";
			productReference = 8D1107320486CEB800E47090 /* Genie.app */;
			productType = "com.apple.product-type.application";
		};
		A064AFA910619F43001AC4CC /* ghost4mac */ = {
			isa = PBXNativeTarget;
			buildConfigurationList = A064AFF810619F93001AC4CC /* Build configuration list for PBXNativeTarget "ghost4mac" */;
			buildPhases = (
				A064AFA510619F43001AC4CC /* Headers */,
				A064AFA610619F43001AC4CC /* Resources */,
				A064AFA710619F43001AC4CC /* Sources */,
				A064AFA810619F43001AC4CC /* Frameworks */,
				A064B0211061AD57001AC4CC /* Copy libs */,
				A064B0491061AE27001AC4CC /* create links to libs */,
			);
			buildRules = (
			);
			dependencies = (
				A064AFFE1061A00D001AC4CC /* PBXTargetDependency */,
			);
			name = ghost4mac;
			productName = ghost4mac;
			productReference = A064AFAA10619F43001AC4CC /* ghost4mac.framework */;
			productType = "com.apple.product-type.framework";
		};
/* End PBXNativeTarget section */

/* Begin PBXProject section */
		29B97313FDCFA39411CA2CEA /* Project object */ = {
			isa = PBXProject;
			buildConfigurationList = C01FCF4E08A954540054247B /* Build configuration list for PBXProject "Genie" */;
			compatibilityVersion = "Xcode 3.1";
			hasScannedForEncodings = 1;
			mainGroup = 29B97314FDCFA39411CA2CEA /* Genie++ */;
			projectDirPath = "";
			projectRoot = "";
			targets = (
				A064AFF910619FC5001AC4CC /* ghost */,
				A064AFA910619F43001AC4CC /* ghost4mac */,
				8D1107260486CEB800E47090 /* Genie */,
				A0F9BDEE0FDB351200C9F2D9 /* Genie Release */,
			);
		};
/* End PBXProject section */

/* Begin PBXResourcesBuildPhase section */
		8D1107290486CEB800E47090 /* Resources */ = {
			isa = PBXResourcesBuildPhase;
			buildActionMask = 2147483647;
			files = (
				8D11072B0486CEB800E47090 /* InfoPlist.strings in Resources */,
				1DDD58160DA1D0A300B32029 /* MainMenu.xib in Resources */,
				A0F9BDE70FDB334C00C9F2D9 /* pumbaa.icns in Resources */,
				A0BB69A80FDBFF5F00B9A3FC /* GreenBanner.png in Resources */,
				A0C1F02C0FE5B919001CBBC2 /* defaults in Resources */,
				A0C1F05E0FE5C454001CBBC2 /* dsa_pub_genie.pem in Resources */,
				A0C4F4B80FE72E680065E6AB /* map.png in Resources */,
				A0C4F4BF0FE72F420065E6AB /* replay.png in Resources */,
				A0C4F4C10FE7306F0065E6AB /* ghost.png in Resources */,
				A0C4F4C80FE732200065E6AB /* config.png in Resources */,
				A08143400FE9B4D2007FF74F /* PreferencesConfig.xib in Resources */,
				A0DDB7150FEBB8A0003E3B37 /* PreferencesGeneral.xib in Resources */,
				A0DDB7E90FEBBF70003E3B37 /* PreferencesMaps.xib in Resources */,
				A02C9BB60FED3AB000F5E8C9 /* Language.strings in Resources */,
				A0DA50760FEF909A008F9A8F /* Appcast.xml in Resources */,
				A00A57900FF4C07100CAD524 /* GreenDot.png in Resources */,
				A00A57910FF4C07100CAD524 /* RedDot.png in Resources */,
				A00A57920FF4C07100CAD524 /* YellowDot.png in Resources */,
				A079BAD610028982007E18C5 /* ViewConsole.xib in Resources */,
				A079BCB5100342E2007E18C5 /* ViewChat.xib in Resources */,
				A031AD6610273D3C00575255 /* UKKQueue Readme.txt in Resources */,
				A031B012102758C700575255 /* Map128.png in Resources */,
				A0293B00102821E400067788 /* PreferencesMessages.xib in Resources */,
				A0DCC6C710376D46001B5D39 /* heart32.png in Resources */,
				A01521B910645A5B00880857 /* WarcraftData.plist in Resources */,
			);
			runOnlyForDeploymentPostprocessing = 0;
		};
		A064AFA610619F43001AC4CC /* Resources */ = {
			isa = PBXResourcesBuildPhase;
			buildActionMask = 2147483647;
			files = (
				A064B01E1061ACE4001AC4CC /* ghost++ in Resources */,
			);
			runOnlyForDeploymentPostprocessing = 0;
		};
/* End PBXResourcesBuildPhase section */

/* Begin PBXShellScriptBuildPhase section */
		A064B0491061AE27001AC4CC /* create links to libs */ = {
			isa = PBXShellScriptBuildPhase;
			buildActionMask = 2147483647;
			files = (
			);
			inputPaths = (
			);
			name = "create links to libs";
			outputPaths = (
			);
			runOnlyForDeploymentPostprocessing = 0;
			shellPath = /bin/sh;
			shellScript = "cd $BUILT_PRODUCTS_DIR\ncd $UNLOCALIZED_RESOURCES_FOLDER_PATH\ncd lib\nln -fs libgmp.3.4.4.dylib libgmp.3.dylib\nln -fs libmysqlclient_r.16.dylib libmysqlclient_r.dylib";
		};
		A0F9BDED0FDB351200C9F2D9 /* ShellScript */ = {
			isa = PBXShellScriptBuildPhase;
			buildActionMask = 2147483647;
			files = (
			);
			inputPaths = (
			);
			outputPaths = (
			);
			runOnlyForDeploymentPostprocessing = 0;
			shellPath = /bin/sh;
			shellScript = "set -ex\n\n[ \"$ACTION\" = build ] || exit 0\n[ \"$BUILD_VARIANTS\" = \"normal\" ] || exit 0\n\ndir=\"$TEMP_FILES_DIR/disk\"\ndmg=\"$BUILT_PRODUCTS_DIR/$PROJECT_NAME.dmg\"\n\nrm -rf \"$dir\"\nmkdir \"$dir\"\ncp -R \"$BUILT_PRODUCTS_DIR/$PROJECT_NAME.app\" \"$dir\"\nrm -f \"$dmg\"\nhdiutil create -srcfolder \"$dir\" -volname \"$PROJECT_NAME\" \"$dmg\" -format UDZO -imagekey zlib-level=9\nhdiutil internet-enable -yes \"$dmg\"\nrm -rf \"$dir\"";
		};
/* End PBXShellScriptBuildPhase section */

/* Begin PBXSourcesBuildPhase section */
		8D11072C0486CEB800E47090 /* Sources */ = {
			isa = PBXSourcesBuildPhase;
			buildActionMask = 2147483647;
			files = (
				8D11072D0486CEB800E47090 /* main.m in Sources */,
				A0F9BD640FDB288300C9F2D9 /* UIController.m in Sources */,
				A0BB69A40FDBFE2500B9A3FC /* BadgeView.m in Sources */,
				A0E5D1C20FE6E663002C9A96 /* LogEntry.m in Sources */,
				A08142960FE9AB75007FF74F /* MBPreferencesController.m in Sources */,
				A08142990FE9ABF3007FF74F /* MapController.m in Sources */,
				A081429C0FE9AC02007FF74F /* ConfigController.m in Sources */,
				A0DDB7130FEBB863003E3B37 /* GeneralController.m in Sources */,
				A0DA50700FEF9084008F9A8F /* AsyncUdpSocket.m in Sources */,
				A079BAFA1002B8CE007E18C5 /* LRViewController.m in Sources */,
				A079BB171002BB8B007E18C5 /* ConsoleViewController.m in Sources */,
				A0183197100A020100348EDC /* GHostSocket.m in Sources */,
				A05D495C100E7BE1004C089B /* ChatViewController.m in Sources */,
				A04A0CF9101B7F3800F1D6D9 /* ChatMessage.m in Sources */,
				A031AD6410273D3C00575255 /* UKFileWatcher.m in Sources */,
				A031AD6510273D3C00575255 /* UKFNSubscribeFileWatcher.m in Sources */,
				A031AD6710273D3C00575255 /* UKKQueue.m in Sources */,
				A031AD6810273D3C00575255 /* UKMainThreadProxy.m in Sources */,
				A031AF7110274E0000575255 /* GHostConfigFile.m in Sources */,
				A0293B031028221100067788 /* MessagesController.m in Sources */,
			);
			runOnlyForDeploymentPostprocessing = 0;
		};
		A064AFA710619F43001AC4CC /* Sources */ = {
			isa = PBXSourcesBuildPhase;
			buildActionMask = 2147483647;
			files = (
				A064AFF510619F5B001AC4CC /* GHostController.m in Sources */,
				A064AFF710619F5B001AC4CC /* TaskWrapper.m in Sources */,
			);
			runOnlyForDeploymentPostprocessing = 0;
		};
/* End PBXSourcesBuildPhase section */

/* Begin PBXTargetDependency section */
		A064AFFE1061A00D001AC4CC /* PBXTargetDependency */ = {
			isa = PBXTargetDependency;
			target = A064AFF910619FC5001AC4CC /* ghost */;
			targetProxy = A064AFFD1061A00D001AC4CC /* PBXContainerItemProxy */;
		};
		A064B0001061A01F001AC4CC /* PBXTargetDependency */ = {
			isa = PBXTargetDependency;
			target = A064AFA910619F43001AC4CC /* ghost4mac */;
			targetProxy = A064AFFF1061A01F001AC4CC /* PBXContainerItemProxy */;
		};
		A0F9BDFC0FDB359800C9F2D9 /* PBXTargetDependency */ = {
			isa = PBXTargetDependency;
			target = 8D1107260486CEB800E47090 /* Genie */;
			targetProxy = A0F9BDFB0FDB359800C9F2D9 /* PBXContainerItemProxy */;
		};
/* End PBXTargetDependency section */

/* Begin PBXVariantGroup section */
		089C165CFE840E0CC02AAC07 /* InfoPlist.strings */ = {
			isa = PBXVariantGroup;
			children = (
				089C165DFE840E0CC02AAC07 /* English */,
			);
			name = InfoPlist.strings;
			sourceTree = "<group>";
		};
		1DDD58140DA1D0A300B32029 /* MainMenu.xib */ = {
			isa = PBXVariantGroup;
			children = (
				1DDD58150DA1D0A300B32029 /* English */,
			);
			name = MainMenu.xib;
			sourceTree = "<group>";
		};
		A02C9BB50FED3AB000F5E8C9 /* Language.strings */ = {
			isa = PBXVariantGroup;
			children = (
				A02C9BB30FED3AA800F5E8C9 /* English */,
				A02C9BB70FED3ABD00F5E8C9 /* German */,
			);
			name = Language.strings;
			sourceTree = "<group>";
		};
		A081433F0FE9B4D2007FF74F /* PreferencesConfig.xib */ = {
			isa = PBXVariantGroup;
			children = (
				A08143000FE9B12E007FF74F /* English */,
			);
			name = PreferencesConfig.xib;
			sourceTree = "<group>";
		};
/* End PBXVariantGroup section */

/* Begin XCBuildConfiguration section */
		A064AFAB10619F44001AC4CC /* Debug */ = {
			isa = XCBuildConfiguration;
			buildSettings = {
				ALWAYS_SEARCH_USER_PATHS = NO;
				ARCHS = "$(ARCHS_STANDARD_32_BIT)";
				COPY_PHASE_STRIP = NO;
				DYLIB_COMPATIBILITY_VERSION = 1;
				DYLIB_CURRENT_VERSION = 1;
				FRAMEWORK_VERSION = A;
				GCC_DYNAMIC_NO_PIC = NO;
				GCC_ENABLE_FIX_AND_CONTINUE = YES;
				GCC_MODEL_TUNING = G5;
				GCC_OPTIMIZATION_LEVEL = 0;
				GCC_PRECOMPILE_PREFIX_HEADER = YES;
				GCC_PREFIX_HEADER = "$(SYSTEM_LIBRARY_DIR)/Frameworks/AppKit.framework/Headers/AppKit.h";
				INFOPLIST_FILE = "ghost4mac-Info.plist";
				INSTALL_PATH = "@executable_path/../Frameworks";
				OTHER_LDFLAGS = (
					"-framework",
					Foundation,
					"-framework",
					AppKit,
				);
				PREBINDING = NO;
				PRODUCT_NAME = ghost4mac;
			};
			name = Debug;
		};
		A064AFAC10619F44001AC4CC /* Release */ = {
			isa = XCBuildConfiguration;
			buildSettings = {
				ALWAYS_SEARCH_USER_PATHS = NO;
				ARCHS = "$(ARCHS_STANDARD_32_BIT)";
				COPY_PHASE_STRIP = YES;
				DEBUG_INFORMATION_FORMAT = "dwarf-with-dsym";
				DYLIB_COMPATIBILITY_VERSION = 1;
				DYLIB_CURRENT_VERSION = 1;
				FRAMEWORK_VERSION = A;
				GCC_ENABLE_FIX_AND_CONTINUE = NO;
				GCC_MODEL_TUNING = G5;
				GCC_PRECOMPILE_PREFIX_HEADER = YES;
				GCC_PREFIX_HEADER = "$(SYSTEM_LIBRARY_DIR)/Frameworks/AppKit.framework/Headers/AppKit.h";
				INFOPLIST_FILE = "ghost4mac-Info.plist";
				INSTALL_PATH = "@executable_path/../Frameworks";
				OTHER_LDFLAGS = (
					"-framework",
					Foundation,
					"-framework",
					AppKit,
				);
				PREBINDING = NO;
				PRODUCT_NAME = ghost4mac;
				ZERO_LINK = NO;
			};
			name = Release;
		};
		A064AFFA10619FC5001AC4CC /* Debug */ = {
			isa = XCBuildConfiguration;
			buildSettings = {
				COPY_PHASE_STRIP = NO;
				GCC_DYNAMIC_NO_PIC = NO;
				GCC_OPTIMIZATION_LEVEL = 0;
				PRODUCT_NAME = ghost;
			};
			name = Debug;
		};
		A064AFFB10619FC5001AC4CC /* Release */ = {
			isa = XCBuildConfiguration;
			buildSettings = {
				COPY_PHASE_STRIP = YES;
				DEBUG_INFORMATION_FORMAT = "dwarf-with-dsym";
				GCC_ENABLE_FIX_AND_CONTINUE = NO;
				PRODUCT_NAME = ghost;
				ZERO_LINK = NO;
			};
			name = Release;
		};
		A0F9BDEF0FDB351200C9F2D9 /* Debug */ = {
			isa = XCBuildConfiguration;
			buildSettings = {
				COPY_PHASE_STRIP = NO;
				GCC_DYNAMIC_NO_PIC = NO;
				GCC_OPTIMIZATION_LEVEL = 0;
				PRODUCT_NAME = "Genie++.dmg";
			};
			name = Debug;
		};
		A0F9BDF00FDB351200C9F2D9 /* Release */ = {
			isa = XCBuildConfiguration;
			buildSettings = {
				COPY_PHASE_STRIP = YES;
				DEBUG_INFORMATION_FORMAT = "dwarf-with-dsym";
				GCC_ENABLE_FIX_AND_CONTINUE = NO;
				PRODUCT_NAME = "Genie++.dmg";
				ZERO_LINK = NO;
			};
			name = Release;
		};
		C01FCF4B08A954540054247B /* Debug */ = {
			isa = XCBuildConfiguration;
			buildSettings = {
				ALWAYS_SEARCH_USER_PATHS = NO;
				COPY_PHASE_STRIP = NO;
				FRAMEWORK_SEARCH_PATHS = (
					"$(inherited)",
					"\"$(SRCROOT)\"",
					"\"$(DEVELOPER_DIR)/Local/Frameworks\"",
					"\"$(SRCROOT)/build/Release\"",
				);
				GCC_DYNAMIC_NO_PIC = NO;
				GCC_ENABLE_FIX_AND_CONTINUE = YES;
				GCC_MODEL_TUNING = G5;
				GCC_OPTIMIZATION_LEVEL = 0;
				GCC_PRECOMPILE_PREFIX_HEADER = YES;
				GCC_PREFIX_HEADER = Genie_Prefix.pch;
				INFOPLIST_FILE = Info.plist;
				INSTALL_PATH = "$(HOME)/Applications";
				LIBRARY_SEARCH_PATHS = (
					"$(inherited)",
					"\"$(SRCROOT)/bin\"",
					"\"$(SRCROOT)/opt/local/lib/gcc43\"",
					"\"$(SRCROOT)/opt/local/lib\"",
					"\"$(SRCROOT)/opt/local/lib/mysql5/mysql\"",
					"\"$(SRCROOT)/lib\"",
				);
				PRODUCT_NAME = Genie;
			};
			name = Debug;
		};
		C01FCF4C08A954540054247B /* Release */ = {
			isa = XCBuildConfiguration;
			buildSettings = {
				ALWAYS_SEARCH_USER_PATHS = NO;
				DEBUG_INFORMATION_FORMAT = "dwarf-with-dsym";
				FRAMEWORK_SEARCH_PATHS = (
					"$(inherited)",
					"\"$(SRCROOT)\"",
					"\"$(DEVELOPER_DIR)/Local/Frameworks\"",
					"\"$(SRCROOT)/build/Release\"",
				);
				GCC_ENABLE_OBJC_GC = supported;
				GCC_MODEL_TUNING = G5;
				GCC_PRECOMPILE_PREFIX_HEADER = YES;
				GCC_PREFIX_HEADER = Genie_Prefix.pch;
				INFOPLIST_FILE = Info.plist;
				INSTALL_PATH = "$(HOME)/Applications";
				LIBRARY_SEARCH_PATHS = (
					"$(inherited)",
					"\"$(SRCROOT)/bin\"",
					"\"$(SRCROOT)/opt/local/lib/gcc43\"",
					"\"$(SRCROOT)/opt/local/lib\"",
					"\"$(SRCROOT)/opt/local/lib/mysql5/mysql\"",
					"\"$(SRCROOT)/lib\"",
				);
				PRODUCT_NAME = Genie;
			};
			name = Release;
		};
		C01FCF4F08A954540054247B /* Debug */ = {
			isa = XCBuildConfiguration;
			buildSettings = {
				ARCHS = "$(ARCHS_STANDARD_32_BIT)";
				GCC_C_LANGUAGE_STANDARD = c99;
				GCC_ENABLE_OBJC_GC = supported;
				GCC_OPTIMIZATION_LEVEL = 0;
				GCC_WARN_ABOUT_RETURN_TYPE = YES;
				GCC_WARN_UNUSED_VARIABLE = YES;
				ONLY_ACTIVE_ARCH = YES;
				PREBINDING = NO;
				SDKROOT = macosx10.5;
			};
			name = Debug;
		};
		C01FCF5008A954540054247B /* Release */ = {
			isa = XCBuildConfiguration;
			buildSettings = {
				ARCHS = "$(ARCHS_STANDARD_32_BIT)";
				GCC_C_LANGUAGE_STANDARD = c99;
				GCC_ENABLE_OBJC_GC = supported;
				GCC_WARN_ABOUT_RETURN_TYPE = YES;
				GCC_WARN_UNUSED_VARIABLE = YES;
				PREBINDING = NO;
				SDKROOT = macosx10.5;
			};
			name = Release;
		};
/* End XCBuildConfiguration section */

/* Begin XCConfigurationList section */
		A064AFF810619F93001AC4CC /* Build configuration list for PBXNativeTarget "ghost4mac" */ = {
			isa = XCConfigurationList;
			buildConfigurations = (
				A064AFAB10619F44001AC4CC /* Debug */,
				A064AFAC10619F44001AC4CC /* Release */,
			);
			defaultConfigurationIsVisible = 0;
			defaultConfigurationName = Release;
		};
		A064AFFC10619FF4001AC4CC /* Build configuration list for PBXLegacyTarget "ghost" */ = {
			isa = XCConfigurationList;
			buildConfigurations = (
				A064AFFA10619FC5001AC4CC /* Debug */,
				A064AFFB10619FC5001AC4CC /* Release */,
			);
			defaultConfigurationIsVisible = 0;
			defaultConfigurationName = Release;
		};
		A0F9BDF70FDB353800C9F2D9 /* Build configuration list for PBXAggregateTarget "Genie Release" */ = {
			isa = XCConfigurationList;
			buildConfigurations = (
				A0F9BDEF0FDB351200C9F2D9 /* Debug */,
				A0F9BDF00FDB351200C9F2D9 /* Release */,
			);
			defaultConfigurationIsVisible = 0;
			defaultConfigurationName = Release;
		};
		C01FCF4A08A954540054247B /* Build configuration list for PBXNativeTarget "Genie" */ = {
			isa = XCConfigurationList;
			buildConfigurations = (
				C01FCF4B08A954540054247B /* Debug */,
				C01FCF4C08A954540054247B /* Release */,
			);
			defaultConfigurationIsVisible = 0;
			defaultConfigurationName = Release;
		};
		C01FCF4E08A954540054247B /* Build configuration list for PBXProject "Genie" */ = {
			isa = XCConfigurationList;
			buildConfigurations = (
				C01FCF4F08A954540054247B /* Debug */,
				C01FCF5008A954540054247B /* Release */,
			);
			defaultConfigurationIsVisible = 0;
			defaultConfigurationName = Release;
		};
/* End XCConfigurationList section */
	};
	rootObject = 29B97313FDCFA39411CA2CEA /* Project object */;
}
