// !$*UTF8*$!
{
	archiveVersion = 1;
	classes = {
	};
	objectVersion = 45;
	objects = {

/* Begin PBXAggregateTarget section */
		A0F9BDEE0FDB351200C9F2D9 /* Genie++.dmg */ = {
			isa = PBXAggregateTarget;
			buildConfigurationList = A0F9BDF70FDB353800C9F2D9 /* Build configuration list for PBXAggregateTarget "Genie++.dmg" */;
			buildPhases = (
				A0F9BDED0FDB351200C9F2D9 /* ShellScript */,
			);
			dependencies = (
				A0F9BDFC0FDB359800C9F2D9 /* PBXTargetDependency */,
			);
			name = "Genie++.dmg";
			productName = "Genie++.dmg";
		};
/* End PBXAggregateTarget section */

/* Begin PBXBuildFile section */
		1DDD58160DA1D0A300B32029 /* MainMenu.xib in Resources */ = {isa = PBXBuildFile; fileRef = 1DDD58140DA1D0A300B32029 /* MainMenu.xib */; };
		8D11072B0486CEB800E47090 /* InfoPlist.strings in Resources */ = {isa = PBXBuildFile; fileRef = 089C165CFE840E0CC02AAC07 /* InfoPlist.strings */; };
		8D11072D0486CEB800E47090 /* main.m in Sources */ = {isa = PBXBuildFile; fileRef = 29B97316FDCFA39411CA2CEA /* main.m */; settings = {ATTRIBUTES = (); }; };
		8D11072F0486CEB800E47090 /* Cocoa.framework in Frameworks */ = {isa = PBXBuildFile; fileRef = 1058C7A1FEA54F0111CA2CBB /* Cocoa.framework */; };
		A00A55950FF3A2F200CAD524 /* ghost4mac.framework in Frameworks */ = {isa = PBXBuildFile; fileRef = A00A55940FF3A2F200CAD524 /* ghost4mac.framework */; };
		A00A55960FF3A2F600CAD524 /* ghost4mac.framework in Copy Frameworks */ = {isa = PBXBuildFile; fileRef = A00A55940FF3A2F200CAD524 /* ghost4mac.framework */; };
		A00A57900FF4C07100CAD524 /* GreenDot.png in Resources */ = {isa = PBXBuildFile; fileRef = A00A578D0FF4C07100CAD524 /* GreenDot.png */; };
		A00A57910FF4C07100CAD524 /* RedDot.png in Resources */ = {isa = PBXBuildFile; fileRef = A00A578E0FF4C07100CAD524 /* RedDot.png */; };
		A00A57920FF4C07100CAD524 /* YellowDot.png in Resources */ = {isa = PBXBuildFile; fileRef = A00A578F0FF4C07100CAD524 /* YellowDot.png */; };
		A0114B260FFAA323007554DD /* GHostMapConfig.m in Sources */ = {isa = PBXBuildFile; fileRef = A0114B250FFAA323007554DD /* GHostMapConfig.m */; };
		A016ABA80FDBE423008B0151 /* Sparkle.framework in Frameworks */ = {isa = PBXBuildFile; fileRef = A016ABA70FDBE423008B0151 /* Sparkle.framework */; };
		A016ABB90FDBE520008B0151 /* Sparkle.framework in Copy Frameworks */ = {isa = PBXBuildFile; fileRef = A016ABA70FDBE423008B0151 /* Sparkle.framework */; };
		A0183197100A020100348EDC /* GHostSocket.m in Sources */ = {isa = PBXBuildFile; fileRef = A0183196100A020100348EDC /* GHostSocket.m */; };
		A02812140FF6A20500664D23 /* TCMPortMapper.framework in Frameworks */ = {isa = PBXBuildFile; fileRef = A028114E0FF69E0400664D23 /* TCMPortMapper.framework */; };
		A02812380FF6A62F00664D23 /* TCMPortMapper.framework in Copy Frameworks */ = {isa = PBXBuildFile; fileRef = A028114E0FF69E0400664D23 /* TCMPortMapper.framework */; };
		A02C9BB60FED3AB000F5E8C9 /* Language.strings in Resources */ = {isa = PBXBuildFile; fileRef = A02C9BB50FED3AB000F5E8C9 /* Language.strings */; };
		A079BAD610028982007E18C5 /* ViewConsole.xib in Resources */ = {isa = PBXBuildFile; fileRef = A079BAD510028982007E18C5 /* ViewConsole.xib */; };
		A079BAFA1002B8CE007E18C5 /* LRViewController.m in Sources */ = {isa = PBXBuildFile; fileRef = A079BAF91002B8CE007E18C5 /* LRViewController.m */; };
		A079BB171002BB8B007E18C5 /* ConsoleViewController.m in Sources */ = {isa = PBXBuildFile; fileRef = A079BB161002BB8B007E18C5 /* ConsoleViewController.m */; };
		A079BCB5100342E2007E18C5 /* ViewChat.xib in Resources */ = {isa = PBXBuildFile; fileRef = A079BCB4100342E2007E18C5 /* ViewChat.xib */; };
		A07FB6400FE3F2960019EF5F /* RegexKit.framework in Frameworks */ = {isa = PBXBuildFile; fileRef = A07FB63F0FE3F2960019EF5F /* RegexKit.framework */; };
		A07FB6540FE429AD0019EF5F /* GHostConfig.m in Sources */ = {isa = PBXBuildFile; fileRef = A07FB6530FE429AD0019EF5F /* GHostConfig.m */; };
		A08142960FE9AB75007FF74F /* MBPreferencesController.m in Sources */ = {isa = PBXBuildFile; fileRef = A08142950FE9AB75007FF74F /* MBPreferencesController.m */; };
		A08142990FE9ABF3007FF74F /* MapController.m in Sources */ = {isa = PBXBuildFile; fileRef = A08142980FE9ABF3007FF74F /* MapController.m */; };
		A081429C0FE9AC02007FF74F /* ConfigController.m in Sources */ = {isa = PBXBuildFile; fileRef = A081429B0FE9AC02007FF74F /* ConfigController.m */; };
		A08143400FE9B4D2007FF74F /* PreferencesConfig.xib in Resources */ = {isa = PBXBuildFile; fileRef = A081433F0FE9B4D2007FF74F /* PreferencesConfig.xib */; };
		A0BB69A40FDBFE2500B9A3FC /* BadgeView.m in Sources */ = {isa = PBXBuildFile; fileRef = A0BB69A30FDBFE2500B9A3FC /* BadgeView.m */; };
		A0BB69A80FDBFF5F00B9A3FC /* GreenBanner.png in Resources */ = {isa = PBXBuildFile; fileRef = A0BB69A70FDBFF5F00B9A3FC /* GreenBanner.png */; };
		A0C1F02C0FE5B919001CBBC2 /* defaults in Resources */ = {isa = PBXBuildFile; fileRef = A0C1F02B0FE5B919001CBBC2 /* defaults */; };
		A0C1F05E0FE5C454001CBBC2 /* dsa_pub_genie.pem in Resources */ = {isa = PBXBuildFile; fileRef = A0C1F05D0FE5C454001CBBC2 /* dsa_pub_genie.pem */; };
		A0C4F4B80FE72E680065E6AB /* map.png in Resources */ = {isa = PBXBuildFile; fileRef = A0C4F4B70FE72E680065E6AB /* map.png */; };
		A0C4F4BF0FE72F420065E6AB /* replay.png in Resources */ = {isa = PBXBuildFile; fileRef = A0C4F4BE0FE72F420065E6AB /* replay.png */; };
		A0C4F4C10FE7306F0065E6AB /* ghost.png in Resources */ = {isa = PBXBuildFile; fileRef = A0C4F4C00FE7306F0065E6AB /* ghost.png */; };
		A0C4F4C80FE732200065E6AB /* config.png in Resources */ = {isa = PBXBuildFile; fileRef = A0C4F4C70FE732200065E6AB /* config.png */; };
		A0DA50700FEF9084008F9A8F /* AsyncUdpSocket.m in Sources */ = {isa = PBXBuildFile; fileRef = A0DA506F0FEF9084008F9A8F /* AsyncUdpSocket.m */; };
		A0DA50760FEF909A008F9A8F /* Appcast.xml in Resources */ = {isa = PBXBuildFile; fileRef = A0DA50750FEF909A008F9A8F /* Appcast.xml */; };
		A0DDB7130FEBB863003E3B37 /* GeneralController.m in Sources */ = {isa = PBXBuildFile; fileRef = A0DDB7120FEBB863003E3B37 /* GeneralController.m */; };
		A0DDB7150FEBB8A0003E3B37 /* PreferencesGeneral.xib in Resources */ = {isa = PBXBuildFile; fileRef = A0DDB7140FEBB8A0003E3B37 /* PreferencesGeneral.xib */; };
		A0DDB7E90FEBBF70003E3B37 /* PreferencesMaps.xib in Resources */ = {isa = PBXBuildFile; fileRef = A0DDB7E80FEBBF70003E3B37 /* PreferencesMaps.xib */; };
		A0E5D1C20FE6E663002C9A96 /* LogEntry.m in Sources */ = {isa = PBXBuildFile; fileRef = A0E5D1C10FE6E663002C9A96 /* LogEntry.m */; };
		A0F8C4970FE531DE0047352B /* RegexKit.framework in Copy Frameworks */ = {isa = PBXBuildFile; fileRef = A07FB63F0FE3F2960019EF5F /* RegexKit.framework */; };
		A0F9BD640FDB288300C9F2D9 /* UIController.m in Sources */ = {isa = PBXBuildFile; fileRef = A0F9BD620FDB288300C9F2D9 /* UIController.m */; };
		A0F9BDE70FDB334C00C9F2D9 /* pumbaa.icns in Resources */ = {isa = PBXBuildFile; fileRef = A0F9BDE60FDB334C00C9F2D9 /* pumbaa.icns */; };
/* End PBXBuildFile section */

/* Begin PBXContainerItemProxy section */
		A0F9BDFB0FDB359800C9F2D9 /* PBXContainerItemProxy */ = {
			isa = PBXContainerItemProxy;
			containerPortal = 29B97313FDCFA39411CA2CEA /* Project object */;
			proxyType = 1;
			remoteGlobalIDString = 8D1107260486CEB800E47090;
			remoteInfo = "Genie++";
		};
/* End PBXContainerItemProxy section */

/* Begin PBXCopyFilesBuildPhase section */
		A016ABBC0FDBE523008B0151 /* Copy Frameworks */ = {
			isa = PBXCopyFilesBuildPhase;
			buildActionMask = 2147483647;
			dstPath = "";
			dstSubfolderSpec = 10;
			files = (
				A02812380FF6A62F00664D23 /* TCMPortMapper.framework in Copy Frameworks */,
				A00A55960FF3A2F600CAD524 /* ghost4mac.framework in Copy Frameworks */,
				A0F8C4970FE531DE0047352B /* RegexKit.framework in Copy Frameworks */,
				A016ABB90FDBE520008B0151 /* Sparkle.framework in Copy Frameworks */,
			);
			name = "Copy Frameworks";
			runOnlyForDeploymentPostprocessing = 0;
		};
/* End PBXCopyFilesBuildPhase section */

/* Begin PBXFileReference section */
		089C165DFE840E0CC02AAC07 /* English */ = {isa = PBXFileReference; fileEncoding = 10; lastKnownFileType = text.plist.strings; name = English; path = English.lproj/InfoPlist.strings; sourceTree = "<group>"; };
		1058C7A1FEA54F0111CA2CBB /* Cocoa.framework */ = {isa = PBXFileReference; lastKnownFileType = wrapper.framework; name = Cocoa.framework; path = /System/Library/Frameworks/Cocoa.framework; sourceTree = "<absolute>"; };
		13E42FB307B3F0F600E4EEF1 /* CoreData.framework */ = {isa = PBXFileReference; lastKnownFileType = wrapper.framework; name = CoreData.framework; path = /System/Library/Frameworks/CoreData.framework; sourceTree = "<absolute>"; };
		1DDD58150DA1D0A300B32029 /* English */ = {isa = PBXFileReference; lastKnownFileType = file.xib; name = English; path = English.lproj/MainMenu.xib; sourceTree = "<group>"; };
		29B97316FDCFA39411CA2CEA /* main.m */ = {isa = PBXFileReference; fileEncoding = 4; lastKnownFileType = sourcecode.c.objc; path = main.m; sourceTree = "<group>"; };
		29B97324FDCFA39411CA2CEA /* AppKit.framework */ = {isa = PBXFileReference; lastKnownFileType = wrapper.framework; name = AppKit.framework; path = /System/Library/Frameworks/AppKit.framework; sourceTree = "<absolute>"; };
		29B97325FDCFA39411CA2CEA /* Foundation.framework */ = {isa = PBXFileReference; lastKnownFileType = wrapper.framework; name = Foundation.framework; path = /System/Library/Frameworks/Foundation.framework; sourceTree = "<absolute>"; };
		32CA4F630368D1EE00C91783 /* Genie_Prefix.pch */ = {isa = PBXFileReference; fileEncoding = 4; lastKnownFileType = sourcecode.c.h; path = Genie_Prefix.pch; sourceTree = "<group>"; };
		8D1107310486CEB800E47090 /* Info.plist */ = {isa = PBXFileReference; fileEncoding = 4; lastKnownFileType = text.plist.xml; path = Info.plist; sourceTree = "<group>"; };
		8D1107320486CEB800E47090 /* Genie.app */ = {isa = PBXFileReference; explicitFileType = wrapper.application; includeInIndex = 0; path = Genie.app; sourceTree = BUILT_PRODUCTS_DIR; };
		A00A55940FF3A2F200CAD524 /* ghost4mac.framework */ = {isa = PBXFileReference; lastKnownFileType = wrapper.framework; path = ghost4mac.framework; sourceTree = "<group>"; };
		A00A578D0FF4C07100CAD524 /* GreenDot.png */ = {isa = PBXFileReference; lastKnownFileType = image.png; name = GreenDot.png; path = ../../GreenDot.png; sourceTree = BUILT_PRODUCTS_DIR; };
		A00A578E0FF4C07100CAD524 /* RedDot.png */ = {isa = PBXFileReference; lastKnownFileType = image.png; name = RedDot.png; path = ../../RedDot.png; sourceTree = BUILT_PRODUCTS_DIR; };
		A00A578F0FF4C07100CAD524 /* YellowDot.png */ = {isa = PBXFileReference; lastKnownFileType = image.png; name = YellowDot.png; path = ../../YellowDot.png; sourceTree = BUILT_PRODUCTS_DIR; };
		A0114B240FFAA323007554DD /* GHostMapConfig.h */ = {isa = PBXFileReference; fileEncoding = 4; lastKnownFileType = sourcecode.c.h; path = GHostMapConfig.h; sourceTree = "<group>"; };
		A0114B250FFAA323007554DD /* GHostMapConfig.m */ = {isa = PBXFileReference; fileEncoding = 4; lastKnownFileType = sourcecode.c.objc; path = GHostMapConfig.m; sourceTree = "<group>"; };
		A016ABA70FDBE423008B0151 /* Sparkle.framework */ = {isa = PBXFileReference; lastKnownFileType = wrapper.framework; path = Sparkle.framework; sourceTree = "<group>"; };
		A0183195100A020100348EDC /* GHostSocket.h */ = {isa = PBXFileReference; fileEncoding = 4; lastKnownFileType = sourcecode.c.h; path = GHostSocket.h; sourceTree = "<group>"; };
		A0183196100A020100348EDC /* GHostSocket.m */ = {isa = PBXFileReference; fileEncoding = 4; lastKnownFileType = sourcecode.c.objc; path = GHostSocket.m; sourceTree = "<group>"; };
		A028114E0FF69E0400664D23 /* TCMPortMapper.framework */ = {isa = PBXFileReference; lastKnownFileType = wrapper.framework; path = TCMPortMapper.framework; sourceTree = "<group>"; };
		A02C9BB30FED3AA800F5E8C9 /* English */ = {isa = PBXFileReference; fileEncoding = 10; lastKnownFileType = text.plist.strings; name = English; path = English.lproj/Language.strings; sourceTree = "<group>"; };
		A02C9BB70FED3ABD00F5E8C9 /* German */ = {isa = PBXFileReference; lastKnownFileType = text.plist.strings; name = German; path = German.lproj/Language.strings; sourceTree = "<group>"; };
		A079BAD510028982007E18C5 /* ViewConsole.xib */ = {isa = PBXFileReference; lastKnownFileType = file.xib; path = ViewConsole.xib; sourceTree = "<group>"; };
		A079BAF81002B8CE007E18C5 /* LRViewController.h */ = {isa = PBXFileReference; fileEncoding = 4; lastKnownFileType = sourcecode.c.h; path = LRViewController.h; sourceTree = "<group>"; };
		A079BAF91002B8CE007E18C5 /* LRViewController.m */ = {isa = PBXFileReference; fileEncoding = 4; lastKnownFileType = sourcecode.c.objc; path = LRViewController.m; sourceTree = "<group>"; };
		A079BB151002BB8B007E18C5 /* ConsoleViewController.h */ = {isa = PBXFileReference; fileEncoding = 4; lastKnownFileType = sourcecode.c.h; path = ConsoleViewController.h; sourceTree = "<group>"; };
		A079BB161002BB8B007E18C5 /* ConsoleViewController.m */ = {isa = PBXFileReference; fileEncoding = 4; lastKnownFileType = sourcecode.c.objc; path = ConsoleViewController.m; sourceTree = "<group>"; };
		A079BCB4100342E2007E18C5 /* ViewChat.xib */ = {isa = PBXFileReference; lastKnownFileType = file.xib; path = ViewChat.xib; sourceTree = "<group>"; };
		A07FB63F0FE3F2960019EF5F /* RegexKit.framework */ = {isa = PBXFileReference; lastKnownFileType = wrapper.framework; name = RegexKit.framework; path = Local/Frameworks/RegexKit.framework; sourceTree = DEVELOPER_DIR; };
		A07FB6520FE429AD0019EF5F /* GHostConfig.h */ = {isa = PBXFileReference; fileEncoding = 4; lastKnownFileType = sourcecode.c.h; path = GHostConfig.h; sourceTree = "<group>"; };
		A07FB6530FE429AD0019EF5F /* GHostConfig.m */ = {isa = PBXFileReference; fileEncoding = 4; lastKnownFileType = sourcecode.c.objc; path = GHostConfig.m; sourceTree = "<group>"; };
		A08142940FE9AB75007FF74F /* MBPreferencesController.h */ = {isa = PBXFileReference; fileEncoding = 4; lastKnownFileType = sourcecode.c.h; path = MBPreferencesController.h; sourceTree = "<group>"; };
		A08142950FE9AB75007FF74F /* MBPreferencesController.m */ = {isa = PBXFileReference; fileEncoding = 4; lastKnownFileType = sourcecode.c.objc; path = MBPreferencesController.m; sourceTree = "<group>"; };
		A08142970FE9ABF3007FF74F /* MapController.h */ = {isa = PBXFileReference; fileEncoding = 4; lastKnownFileType = sourcecode.c.h; path = MapController.h; sourceTree = "<group>"; };
		A08142980FE9ABF3007FF74F /* MapController.m */ = {isa = PBXFileReference; fileEncoding = 4; lastKnownFileType = sourcecode.c.objc; path = MapController.m; sourceTree = "<group>"; };
		A081429A0FE9AC02007FF74F /* ConfigController.h */ = {isa = PBXFileReference; fileEncoding = 4; lastKnownFileType = sourcecode.c.h; path = ConfigController.h; sourceTree = "<group>"; };
		A081429B0FE9AC02007FF74F /* ConfigController.m */ = {isa = PBXFileReference; fileEncoding = 4; lastKnownFileType = sourcecode.c.objc; path = ConfigController.m; sourceTree = "<group>"; };
		A08143000FE9B12E007FF74F /* English */ = {isa = PBXFileReference; lastKnownFileType = file.xib; name = English; path = English.lproj/PreferencesConfig.xib; sourceTree = "<group>"; };
		A0BB69A20FDBFE2500B9A3FC /* BadgeView.h */ = {isa = PBXFileReference; fileEncoding = 4; lastKnownFileType = sourcecode.c.h; path = BadgeView.h; sourceTree = "<group>"; };
		A0BB69A30FDBFE2500B9A3FC /* BadgeView.m */ = {isa = PBXFileReference; fileEncoding = 4; lastKnownFileType = sourcecode.c.objc; path = BadgeView.m; sourceTree = "<group>"; };
		A0BB69A70FDBFF5F00B9A3FC /* GreenBanner.png */ = {isa = PBXFileReference; lastKnownFileType = image.png; path = GreenBanner.png; sourceTree = "<group>"; };
		A0C1F02B0FE5B919001CBBC2 /* defaults */ = {isa = PBXFileReference; lastKnownFileType = folder; path = defaults; sourceTree = "<group>"; };
		A0C1F05D0FE5C454001CBBC2 /* dsa_pub_genie.pem */ = {isa = PBXFileReference; fileEncoding = 4; lastKnownFileType = text; path = dsa_pub_genie.pem; sourceTree = "<group>"; };
		A0C4F4B70FE72E680065E6AB /* map.png */ = {isa = PBXFileReference; lastKnownFileType = image.png; path = map.png; sourceTree = "<group>"; };
		A0C4F4BE0FE72F420065E6AB /* replay.png */ = {isa = PBXFileReference; lastKnownFileType = image.png; path = replay.png; sourceTree = "<group>"; };
		A0C4F4C00FE7306F0065E6AB /* ghost.png */ = {isa = PBXFileReference; lastKnownFileType = image.png; path = ghost.png; sourceTree = "<group>"; };
		A0C4F4C70FE732200065E6AB /* config.png */ = {isa = PBXFileReference; lastKnownFileType = image.png; path = config.png; sourceTree = "<group>"; };
		A0DA506E0FEF9084008F9A8F /* AsyncUdpSocket.h */ = {isa = PBXFileReference; fileEncoding = 4; lastKnownFileType = sourcecode.c.h; path = AsyncUdpSocket.h; sourceTree = "<group>"; };
		A0DA506F0FEF9084008F9A8F /* AsyncUdpSocket.m */ = {isa = PBXFileReference; fileEncoding = 4; lastKnownFileType = sourcecode.c.objc; path = AsyncUdpSocket.m; sourceTree = "<group>"; };
		A0DA50750FEF909A008F9A8F /* Appcast.xml */ = {isa = PBXFileReference; fileEncoding = 4; lastKnownFileType = text.xml; path = Appcast.xml; sourceTree = "<group>"; };
		A0DDB7110FEBB863003E3B37 /* GeneralController.h */ = {isa = PBXFileReference; fileEncoding = 4; lastKnownFileType = sourcecode.c.h; path = GeneralController.h; sourceTree = "<group>"; };
		A0DDB7120FEBB863003E3B37 /* GeneralController.m */ = {isa = PBXFileReference; fileEncoding = 4; lastKnownFileType = sourcecode.c.objc; path = GeneralController.m; sourceTree = "<group>"; };
		A0DDB7140FEBB8A0003E3B37 /* PreferencesGeneral.xib */ = {isa = PBXFileReference; lastKnownFileType = file.xib; path = PreferencesGeneral.xib; sourceTree = "<group>"; };
		A0DDB7E80FEBBF70003E3B37 /* PreferencesMaps.xib */ = {isa = PBXFileReference; lastKnownFileType = file.xib; path = PreferencesMaps.xib; sourceTree = "<group>"; };
		A0E5D1C00FE6E663002C9A96 /* LogEntry.h */ = {isa = PBXFileReference; fileEncoding = 4; lastKnownFileType = sourcecode.c.h; path = LogEntry.h; sourceTree = "<group>"; };
		A0E5D1C10FE6E663002C9A96 /* LogEntry.m */ = {isa = PBXFileReference; fileEncoding = 4; lastKnownFileType = sourcecode.c.objc; path = LogEntry.m; sourceTree = "<group>"; };
		A0F9BD620FDB288300C9F2D9 /* UIController.m */ = {isa = PBXFileReference; fileEncoding = 4; lastKnownFileType = sourcecode.c.objc; path = UIController.m; sourceTree = "<group>"; };
		A0F9BD630FDB288300C9F2D9 /* UIController.h */ = {isa = PBXFileReference; fileEncoding = 4; lastKnownFileType = sourcecode.c.h; path = UIController.h; sourceTree = "<group>"; };
		A0F9BDE60FDB334C00C9F2D9 /* pumbaa.icns */ = {isa = PBXFileReference; lastKnownFileType = image.icns; path = pumbaa.icns; sourceTree = "<group>"; };
/* End PBXFileReference section */

/* Begin PBXFrameworksBuildPhase section */
		8D11072E0486CEB800E47090 /* Frameworks */ = {
			isa = PBXFrameworksBuildPhase;
			buildActionMask = 2147483647;
			files = (
				A016ABA80FDBE423008B0151 /* Sparkle.framework in Frameworks */,
				8D11072F0486CEB800E47090 /* Cocoa.framework in Frameworks */,
				A07FB6400FE3F2960019EF5F /* RegexKit.framework in Frameworks */,
				A00A55950FF3A2F200CAD524 /* ghost4mac.framework in Frameworks */,
				A02812140FF6A20500664D23 /* TCMPortMapper.framework in Frameworks */,
			);
			runOnlyForDeploymentPostprocessing = 0;
		};
/* End PBXFrameworksBuildPhase section */

/* Begin PBXGroup section */
		080E96DDFE201D6D7F000001 /* Classes */ = {
			isa = PBXGroup;
			children = (
				A079BB141002BB6A007E18C5 /* ViewControllers */,
				A0DDB70F0FEBB815003E3B37 /* PrefControllers */,
				A0F9BD620FDB288300C9F2D9 /* UIController.m */,
				A0F9BD630FDB288300C9F2D9 /* UIController.h */,
				A07FB6520FE429AD0019EF5F /* GHostConfig.h */,
				A07FB6530FE429AD0019EF5F /* GHostConfig.m */,
				A0114B240FFAA323007554DD /* GHostMapConfig.h */,
				A0114B250FFAA323007554DD /* GHostMapConfig.m */,
				A0E5D1C00FE6E663002C9A96 /* LogEntry.h */,
				A0E5D1C10FE6E663002C9A96 /* LogEntry.m */,
				A079BAF81002B8CE007E18C5 /* LRViewController.h */,
				A079BAF91002B8CE007E18C5 /* LRViewController.m */,
				A0183195100A020100348EDC /* GHostSocket.h */,
				A0183196100A020100348EDC /* GHostSocket.m */,
			);
			name = Classes;
			sourceTree = "<group>";
		};
		1058C7A0FEA54F0111CA2CBB /* Linked Frameworks */ = {
			isa = PBXGroup;
			children = (
				A028114E0FF69E0400664D23 /* TCMPortMapper.framework */,
				A00A55940FF3A2F200CAD524 /* ghost4mac.framework */,
				A07FB63F0FE3F2960019EF5F /* RegexKit.framework */,
				A016ABA70FDBE423008B0151 /* Sparkle.framework */,
				1058C7A1FEA54F0111CA2CBB /* Cocoa.framework */,
			);
			name = "Linked Frameworks";
			sourceTree = "<group>";
		};
		1058C7A2FEA54F0111CA2CBB /* Other Frameworks */ = {
			isa = PBXGroup;
			children = (
				29B97324FDCFA39411CA2CEA /* AppKit.framework */,
				13E42FB307B3F0F600E4EEF1 /* CoreData.framework */,
				29B97325FDCFA39411CA2CEA /* Foundation.framework */,
			);
			name = "Other Frameworks";
			sourceTree = "<group>";
		};
		19C28FACFE9D520D11CA2CBB /* Products */ = {
			isa = PBXGroup;
			children = (
				8D1107320486CEB800E47090 /* Genie.app */,
			);
			name = Products;
			sourceTree = "<group>";
		};
		29B97314FDCFA39411CA2CEA /* Genie++ */ = {
			isa = PBXGroup;
			children = (
				A0DA50750FEF909A008F9A8F /* Appcast.xml */,
				A002AEA00FE4FA55009A7E1D /* 3rdparty */,
				080E96DDFE201D6D7F000001 /* Classes */,
				29B97315FDCFA39411CA2CEA /* Other Sources */,
				29B97317FDCFA39411CA2CEA /* Resources */,
				29B97323FDCFA39411CA2CEA /* Frameworks */,
				19C28FACFE9D520D11CA2CBB /* Products */,
			);
			name = "Genie++";
			sourceTree = "<group>";
		};
		29B97315FDCFA39411CA2CEA /* Other Sources */ = {
			isa = PBXGroup;
			children = (
				32CA4F630368D1EE00C91783 /* Genie_Prefix.pch */,
				29B97316FDCFA39411CA2CEA /* main.m */,
			);
			name = "Other Sources";
			sourceTree = "<group>";
		};
		29B97317FDCFA39411CA2CEA /* Resources */ = {
			isa = PBXGroup;
			children = (
				A00A578D0FF4C07100CAD524 /* GreenDot.png */,
				A00A578E0FF4C07100CAD524 /* RedDot.png */,
				A00A578F0FF4C07100CAD524 /* YellowDot.png */,
				A0DDB7E80FEBBF70003E3B37 /* PreferencesMaps.xib */,
				A0DDB7140FEBB8A0003E3B37 /* PreferencesGeneral.xib */,
				A081433F0FE9B4D2007FF74F /* PreferencesConfig.xib */,
				A0C4F4C70FE732200065E6AB /* config.png */,
				A0C4F4C00FE7306F0065E6AB /* ghost.png */,
				A0C4F4BE0FE72F420065E6AB /* replay.png */,
				A0C4F4B70FE72E680065E6AB /* map.png */,
				A0C1F05D0FE5C454001CBBC2 /* dsa_pub_genie.pem */,
				A0C1F02B0FE5B919001CBBC2 /* defaults */,
				A0BB69A70FDBFF5F00B9A3FC /* GreenBanner.png */,
				A0F9BDE60FDB334C00C9F2D9 /* pumbaa.icns */,
				8D1107310486CEB800E47090 /* Info.plist */,
				089C165CFE840E0CC02AAC07 /* InfoPlist.strings */,
				1DDD58140DA1D0A300B32029 /* MainMenu.xib */,
				A02C9BB50FED3AB000F5E8C9 /* Language.strings */,
				A079BAD510028982007E18C5 /* ViewConsole.xib */,
				A079BCB4100342E2007E18C5 /* ViewChat.xib */,
			);
			name = Resources;
			sourceTree = "<group>";
		};
		29B97323FDCFA39411CA2CEA /* Frameworks */ = {
			isa = PBXGroup;
			children = (
				1058C7A0FEA54F0111CA2CBB /* Linked Frameworks */,
				1058C7A2FEA54F0111CA2CBB /* Other Frameworks */,
			);
			name = Frameworks;
			sourceTree = "<group>";
		};
		A002AEA00FE4FA55009A7E1D /* 3rdparty */ = {
			isa = PBXGroup;
			children = (
				A0DA506E0FEF9084008F9A8F /* AsyncUdpSocket.h */,
				A0DA506F0FEF9084008F9A8F /* AsyncUdpSocket.m */,
				A08142940FE9AB75007FF74F /* MBPreferencesController.h */,
				A08142950FE9AB75007FF74F /* MBPreferencesController.m */,
				A0BB69A20FDBFE2500B9A3FC /* BadgeView.h */,
				A0BB69A30FDBFE2500B9A3FC /* BadgeView.m */,
			);
			name = 3rdparty;
			sourceTree = "<group>";
		};
		A079BB141002BB6A007E18C5 /* ViewControllers */ = {
			isa = PBXGroup;
			children = (
				A079BB151002BB8B007E18C5 /* ConsoleViewController.h */,
				A079BB161002BB8B007E18C5 /* ConsoleViewController.m */,
			);
			name = ViewControllers;
			sourceTree = "<group>";
		};
		A0DDB70F0FEBB815003E3B37 /* PrefControllers */ = {
			isa = PBXGroup;
			children = (
				A08142970FE9ABF3007FF74F /* MapController.h */,
				A08142980FE9ABF3007FF74F /* MapController.m */,
				A081429A0FE9AC02007FF74F /* ConfigController.h */,
				A081429B0FE9AC02007FF74F /* ConfigController.m */,
				A0DDB7110FEBB863003E3B37 /* GeneralController.h */,
				A0DDB7120FEBB863003E3B37 /* GeneralController.m */,
			);
			name = PrefControllers;
			sourceTree = "<group>";
		};
/* End PBXGroup section */

/* Begin PBXNativeTarget section */
		8D1107260486CEB800E47090 /* Genie */ = {
			isa = PBXNativeTarget;
			buildConfigurationList = C01FCF4A08A954540054247B /* Build configuration list for PBXNativeTarget "Genie" */;
			buildPhases = (
				8D1107290486CEB800E47090 /* Resources */,
				8D11072C0486CEB800E47090 /* Sources */,
				8D11072E0486CEB800E47090 /* Frameworks */,
				A016ABBC0FDBE523008B0151 /* Copy Frameworks */,
			);
			buildRules = (
			);
			dependencies = (
			);
			name = Genie;
			productInstallPath = "$(HOME)/Applications";
			productName = "Genie++";
			productReference = 8D1107320486CEB800E47090 /* Genie.app */;
			productType = "com.apple.product-type.application";
		};
/* End PBXNativeTarget section */

/* Begin PBXProject section */
		29B97313FDCFA39411CA2CEA /* Project object */ = {
			isa = PBXProject;
			buildConfigurationList = C01FCF4E08A954540054247B /* Build configuration list for PBXProject "Genie" */;
			compatibilityVersion = "Xcode 3.1";
			hasScannedForEncodings = 1;
			mainGroup = 29B97314FDCFA39411CA2CEA /* Genie++ */;
			projectDirPath = "";
			projectRoot = "";
			targets = (
				8D1107260486CEB800E47090 /* Genie */,
				A0F9BDEE0FDB351200C9F2D9 /* Genie++.dmg */,
			);
		};
/* End PBXProject section */

/* Begin PBXResourcesBuildPhase section */
		8D1107290486CEB800E47090 /* Resources */ = {
			isa = PBXResourcesBuildPhase;
			buildActionMask = 2147483647;
			files = (
				8D11072B0486CEB800E47090 /* InfoPlist.strings in Resources */,
				1DDD58160DA1D0A300B32029 /* MainMenu.xib in Resources */,
				A0F9BDE70FDB334C00C9F2D9 /* pumbaa.icns in Resources */,
				A0BB69A80FDBFF5F00B9A3FC /* GreenBanner.png in Resources */,
				A0C1F02C0FE5B919001CBBC2 /* defaults in Resources */,
				A0C1F05E0FE5C454001CBBC2 /* dsa_pub_genie.pem in Resources */,
				A0C4F4B80FE72E680065E6AB /* map.png in Resources */,
				A0C4F4BF0FE72F420065E6AB /* replay.png in Resources */,
				A0C4F4C10FE7306F0065E6AB /* ghost.png in Resources */,
				A0C4F4C80FE732200065E6AB /* config.png in Resources */,
				A08143400FE9B4D2007FF74F /* PreferencesConfig.xib in Resources */,
				A0DDB7150FEBB8A0003E3B37 /* PreferencesGeneral.xib in Resources */,
				A0DDB7E90FEBBF70003E3B37 /* PreferencesMaps.xib in Resources */,
				A02C9BB60FED3AB000F5E8C9 /* Language.strings in Resources */,
				A0DA50760FEF909A008F9A8F /* Appcast.xml in Resources */,
				A00A57900FF4C07100CAD524 /* GreenDot.png in Resources */,
				A00A57910FF4C07100CAD524 /* RedDot.png in Resources */,
				A00A57920FF4C07100CAD524 /* YellowDot.png in Resources */,
				A079BAD610028982007E18C5 /* ViewConsole.xib in Resources */,
				A079BCB5100342E2007E18C5 /* ViewChat.xib in Resources */,
			);
			runOnlyForDeploymentPostprocessing = 0;
		};
/* End PBXResourcesBuildPhase section */

/* Begin PBXShellScriptBuildPhase section */
		A0F9BDED0FDB351200C9F2D9 /* ShellScript */ = {
			isa = PBXShellScriptBuildPhase;
			buildActionMask = 2147483647;
			files = (
			);
			inputPaths = (
			);
			outputPaths = (
			);
			runOnlyForDeploymentPostprocessing = 0;
			shellPath = /bin/sh;
			shellScript = "set -ex\n\n[ \"$ACTION\" = build ] || exit 0\n[ \"$BUILD_VARIANTS\" = \"normal\" ] || exit 0\n\ndir=\"$TEMP_FILES_DIR/disk\"\ndmg=\"$BUILT_PRODUCTS_DIR/$PROJECT_NAME.dmg\"\n\nrm -rf \"$dir\"\nmkdir \"$dir\"\ncp -R \"$BUILT_PRODUCTS_DIR/$PROJECT_NAME.app\" \"$dir\"\nrm -f \"$dmg\"\nhdiutil create -srcfolder \"$dir\" -volname \"$PROJECT_NAME\" \"$dmg\" -format UDZO -imagekey zlib-level=9\nhdiutil internet-enable -yes \"$dmg\"\nrm -rf \"$dir\"";
		};
/* End PBXShellScriptBuildPhase section */

/* Begin PBXSourcesBuildPhase section */
		8D11072C0486CEB800E47090 /* Sources */ = {
			isa = PBXSourcesBuildPhase;
			buildActionMask = 2147483647;
			files = (
				8D11072D0486CEB800E47090 /* main.m in Sources */,
				A0F9BD640FDB288300C9F2D9 /* UIController.m in Sources */,
				A0BB69A40FDBFE2500B9A3FC /* BadgeView.m in Sources */,
				A07FB6540FE429AD0019EF5F /* GHostConfig.m in Sources */,
				A0E5D1C20FE6E663002C9A96 /* LogEntry.m in Sources */,
				A08142960FE9AB75007FF74F /* MBPreferencesController.m in Sources */,
				A08142990FE9ABF3007FF74F /* MapController.m in Sources */,
				A081429C0FE9AC02007FF74F /* ConfigController.m in Sources */,
				A0DDB7130FEBB863003E3B37 /* GeneralController.m in Sources */,
				A0DA50700FEF9084008F9A8F /* AsyncUdpSocket.m in Sources */,
				A0114B260FFAA323007554DD /* GHostMapConfig.m in Sources */,
				A079BAFA1002B8CE007E18C5 /* LRViewController.m in Sources */,
				A079BB171002BB8B007E18C5 /* ConsoleViewController.m in Sources */,
				A0183197100A020100348EDC /* GHostSocket.m in Sources */,
			);
			runOnlyForDeploymentPostprocessing = 0;
		};
/* End PBXSourcesBuildPhase section */

/* Begin PBXTargetDependency section */
		A0F9BDFC0FDB359800C9F2D9 /* PBXTargetDependency */ = {
			isa = PBXTargetDependency;
			target = 8D1107260486CEB800E47090 /* Genie */;
			targetProxy = A0F9BDFB0FDB359800C9F2D9 /* PBXContainerItemProxy */;
		};
/* End PBXTargetDependency section */

/* Begin PBXVariantGroup section */
		089C165CFE840E0CC02AAC07 /* InfoPlist.strings */ = {
			isa = PBXVariantGroup;
			children = (
				089C165DFE840E0CC02AAC07 /* English */,
			);
			name = InfoPlist.strings;
			sourceTree = "<group>";
		};
		1DDD58140DA1D0A300B32029 /* MainMenu.xib */ = {
			isa = PBXVariantGroup;
			children = (
				1DDD58150DA1D0A300B32029 /* English */,
			);
			name = MainMenu.xib;
			sourceTree = "<group>";
		};
		A02C9BB50FED3AB000F5E8C9 /* Language.strings */ = {
			isa = PBXVariantGroup;
			children = (
				A02C9BB30FED3AA800F5E8C9 /* English */,
				A02C9BB70FED3ABD00F5E8C9 /* German */,
			);
			name = Language.strings;
			sourceTree = "<group>";
		};
		A081433F0FE9B4D2007FF74F /* PreferencesConfig.xib */ = {
			isa = PBXVariantGroup;
			children = (
				A08143000FE9B12E007FF74F /* English */,
			);
			name = PreferencesConfig.xib;
			sourceTree = "<group>";
		};
/* End PBXVariantGroup section */

/* Begin XCBuildConfiguration section */
		A0F9BDEF0FDB351200C9F2D9 /* Debug */ = {
			isa = XCBuildConfiguration;
			buildSettings = {
				COPY_PHASE_STRIP = NO;
				GCC_DYNAMIC_NO_PIC = NO;
				GCC_OPTIMIZATION_LEVEL = 0;
				PRODUCT_NAME = "Genie++.dmg";
			};
			name = Debug;
		};
		A0F9BDF00FDB351200C9F2D9 /* Release */ = {
			isa = XCBuildConfiguration;
			buildSettings = {
				COPY_PHASE_STRIP = YES;
				DEBUG_INFORMATION_FORMAT = "dwarf-with-dsym";
				GCC_ENABLE_FIX_AND_CONTINUE = NO;
				PRODUCT_NAME = "Genie++.dmg";
				ZERO_LINK = NO;
			};
			name = Release;
		};
		C01FCF4B08A954540054247B /* Debug */ = {
			isa = XCBuildConfiguration;
			buildSettings = {
				ALWAYS_SEARCH_USER_PATHS = NO;
				COPY_PHASE_STRIP = NO;
				FRAMEWORK_SEARCH_PATHS = (
					"$(inherited)",
					"\"$(SRCROOT)\"",
					"\"$(DEVELOPER_DIR)/Local/Frameworks\"",
				);
				GCC_DYNAMIC_NO_PIC = NO;
				GCC_ENABLE_FIX_AND_CONTINUE = YES;
				GCC_MODEL_TUNING = G5;
				GCC_OPTIMIZATION_LEVEL = 0;
				GCC_PRECOMPILE_PREFIX_HEADER = YES;
				GCC_PREFIX_HEADER = Genie_Prefix.pch;
				INFOPLIST_FILE = Info.plist;
				INSTALL_PATH = "$(HOME)/Applications";
				LIBRARY_SEARCH_PATHS = (
					"$(inherited)",
					"\"$(SRCROOT)/bin\"",
					"\"$(SRCROOT)/opt/local/lib/gcc43\"",
					"\"$(SRCROOT)/opt/local/lib\"",
					"\"$(SRCROOT)/opt/local/lib/mysql5/mysql\"",
					"\"$(SRCROOT)/lib\"",
				);
				PRODUCT_NAME = Genie;
			};
			name = Debug;
		};
		C01FCF4C08A954540054247B /* Release */ = {
			isa = XCBuildConfiguration;
			buildSettings = {
				ALWAYS_SEARCH_USER_PATHS = NO;
				DEBUG_INFORMATION_FORMAT = "dwarf-with-dsym";
				FRAMEWORK_SEARCH_PATHS = (
					"$(inherited)",
					"\"$(SRCROOT)\"",
					"\"$(DEVELOPER_DIR)/Local/Frameworks\"",
				);
				GCC_ENABLE_OBJC_GC = supported;
				GCC_MODEL_TUNING = G5;
				GCC_PRECOMPILE_PREFIX_HEADER = YES;
				GCC_PREFIX_HEADER = Genie_Prefix.pch;
				INFOPLIST_FILE = Info.plist;
				INSTALL_PATH = "$(HOME)/Applications";
				LIBRARY_SEARCH_PATHS = (
					"$(inherited)",
					"\"$(SRCROOT)/bin\"",
					"\"$(SRCROOT)/opt/local/lib/gcc43\"",
					"\"$(SRCROOT)/opt/local/lib\"",
					"\"$(SRCROOT)/opt/local/lib/mysql5/mysql\"",
					"\"$(SRCROOT)/lib\"",
				);
				PRODUCT_NAME = Genie;
			};
			name = Release;
		};
		C01FCF4F08A954540054247B /* Debug */ = {
			isa = XCBuildConfiguration;
			buildSettings = {
				ARCHS = "$(ARCHS_STANDARD_32_BIT)";
				GCC_C_LANGUAGE_STANDARD = c99;
				GCC_ENABLE_OBJC_GC = supported;
				GCC_OPTIMIZATION_LEVEL = 0;
				GCC_WARN_ABOUT_RETURN_TYPE = YES;
				GCC_WARN_UNUSED_VARIABLE = YES;
				ONLY_ACTIVE_ARCH = YES;
				PREBINDING = NO;
				SDKROOT = macosx10.5;
			};
			name = Debug;
		};
		C01FCF5008A954540054247B /* Release */ = {
			isa = XCBuildConfiguration;
			buildSettings = {
				ARCHS = "$(ARCHS_STANDARD_32_BIT)";
				GCC_C_LANGUAGE_STANDARD = c99;
				GCC_ENABLE_OBJC_GC = supported;
				GCC_WARN_ABOUT_RETURN_TYPE = YES;
				GCC_WARN_UNUSED_VARIABLE = YES;
				PREBINDING = NO;
				SDKROOT = macosx10.5;
			};
			name = Release;
		};
/* End XCBuildConfiguration section */

/* Begin XCConfigurationList section */
		A0F9BDF70FDB353800C9F2D9 /* Build configuration list for PBXAggregateTarget "Genie++.dmg" */ = {
			isa = XCConfigurationList;
			buildConfigurations = (
				A0F9BDEF0FDB351200C9F2D9 /* Debug */,
				A0F9BDF00FDB351200C9F2D9 /* Release */,
			);
			defaultConfigurationIsVisible = 0;
			defaultConfigurationName = Release;
		};
		C01FCF4A08A954540054247B /* Build configuration list for PBXNativeTarget "Genie" */ = {
			isa = XCConfigurationList;
			buildConfigurations = (
				C01FCF4B08A954540054247B /* Debug */,
				C01FCF4C08A954540054247B /* Release */,
			);
			defaultConfigurationIsVisible = 0;
			defaultConfigurationName = Release;
		};
		C01FCF4E08A954540054247B /* Build configuration list for PBXProject "Genie" */ = {
			isa = XCConfigurationList;
			buildConfigurations = (
				C01FCF4F08A954540054247B /* Debug */,
				C01FCF5008A954540054247B /* Release */,
			);
			defaultConfigurationIsVisible = 0;
			defaultConfigurationName = Release;
		};
/* End XCConfigurationList section */
	};
	rootObject = 29B97313FDCFA39411CA2CEA /* Project object */;
}
